
Microsoft Visual Studio Solution File, Format Version 12.00
# Visual Studio Version 16
VisualStudioVersion = 16.0.29728.190
MinimumVisualStudioVersion = 10.0.40219.1
Project("{9A19103F-16F7-4668-BE54-9A1E7A4F7556}") = "STRING08", "STRING08\STRING08.csproj", "{F74D9624-D100-4F29-8398-C99E633A5ABF}"
EndProject
Project("{9A19103F-16F7-4668-BE54-9A1E7A4F7556}") = "STRING09", "STRING09\STRING09.csproj", "{ADC18C7E-A119-4606-82D9-CF1ACD5CFDC0}"
EndProject
Project("{9A19103F-16F7-4668-BE54-9A1E7A4F7556}") = "STRING01", "STRING01\STRING01.csproj", "{FC2DBF1E-318E-4832-80B6-53032A660FCB}"
EndProject
Project("{9A19103F-16F7-4668-BE54-9A1E7A4F7556}") = "STRING02", "STRING02\STRING02.csproj", "{B19FF33F-DD43-4423-A5F7-9B33B297C838}"
EndProject
Project("{9A19103F-16F7-4668-BE54-9A1E7A4F7556}") = "STRING03", "STRING03\STRING03.csproj", "{B4C3A2A1-1129-4028-A3A7-DF927C6B8457}"
EndProject
Project("{9A19103F-16F7-4668-BE54-9A1E7A4F7556}") = "STRING04", "STRING04\STRING04.csproj", "{8E90ABC5-A0B3-499E-8EA0-8289BA84AF05}"
EndProject
Project("{9A19103F-16F7-4668-BE54-9A1E7A4F7556}") = "STRING05", "STRING05\STRING05.csproj", "{F8A8B634-CE79-4954-A45C-13CEF1B83802}"
EndProject
Project("{9A19103F-16F7-4668-BE54-9A1E7A4F7556}") = "STRING06", "STRING06\STRING06.csproj", "{2120677D-CCA5-4EF6-B8AF-FAEC4C57FA4C}"
EndProject
Project("{9A19103F-16F7-4668-BE54-9A1E7A4F7556}") = "STRING07", "STRING07\STRING07.csproj", "{4B9EC99E-DE59-4731-81EF-8F78585530CE}"
EndProject
Project("{FAE04EC0-301F-11D3-BF4B-00C04F79EFBC}") = "STRING10", "STRING10\STRING10.csproj", "{74031A78-07CF-4A1D-92AA-3BBEC557B6B4}"
EndProject
Project("{FAE04EC0-301F-11D3-BF4B-00C04F79EFBC}") = "STRING11", "STRING11\STRING11.csproj", "{D30FCB04-DD71-4B0E-9646-207353CF6518}"
EndProject
Project("{FAE04EC0-301F-11D3-BF4B-00C04F79EFBC}") = "STRING12", "STRING12\STRING12.csproj", "{49DA1BCA-BD08-4977-B0FB-5020CD58FE6B}"
EndProject
Project("{FAE04EC0-301F-11D3-BF4B-00C04F79EFBC}") = "STRING13", "STRING13\STRING13.csproj", "{75CED917-9DC8-4896-B4E1-2E08F0E7DEBE}"
EndProject
Project("{FAE04EC0-301F-11D3-BF4B-00C04F79EFBC}") = "STRING14", "STRING14\STRING14.csproj", "{8F9A842F-1523-418B-AA0B-9DFC2B5AF6EB}"
EndProject
Project("{FAE04EC0-301F-11D3-BF4B-00C04F79EFBC}") = "STRING15", "STRING15\STRING15.csproj", "{327B0E1C-188D-4FF7-B49D-4ED0804DA0F4}"
EndProject
Project("{FAE04EC0-301F-11D3-BF4B-00C04F79EFBC}") = "STRING16", "STRING16\STRING16.csproj", "{FC89AD92-8DE9-4181-9D1A-CFE76817001D}"
EndProject
Project("{FAE04EC0-301F-11D3-BF4B-00C04F79EFBC}") = "STRING17", "STRING17\STRING17.csproj", "{95CD4FE1-F277-4C47-B3E3-0ED6123F10F0}"
EndProject
Project("{FAE04EC0-301F-11D3-BF4B-00C04F79EFBC}") = "STRING18", "STRING18\STRING18.csproj", "{A246C043-D063-401F-8B4A-648EC23C53FA}"
EndProject
Project("{FAE04EC0-301F-11D3-BF4B-00C04F79EFBC}") = "STRING19", "STRING19\STRING19.csproj", "{C5C314DC-58E9-4EE8-A065-2B56F90E9D72}"
EndProject
Project("{FAE04EC0-301F-11D3-BF4B-00C04F79EFBC}") = "STRING20", "STRING20\STRING20.csproj", "{4E5AED11-5B67-4C7F-8FDB-C5AE6DA0D64A}"
EndProject
Global
	GlobalSection(SolutionConfigurationPlatforms) = preSolution
		Debug|Any CPU = Debug|Any CPU
		Release|Any CPU = Release|Any CPU
	EndGlobalSection
	GlobalSection(ProjectConfigurationPlatforms) = postSolution
		{F74D9624-D100-4F29-8398-C99E633A5ABF}.Debug|Any CPU.ActiveCfg = Debug|Any CPU
		{F74D9624-D100-4F29-8398-C99E633A5ABF}.Debug|Any CPU.Build.0 = Debug|Any CPU
		{F74D9624-D100-4F29-8398-C99E633A5ABF}.Release|Any CPU.ActiveCfg = Release|Any CPU
		{F74D9624-D100-4F29-8398-C99E633A5ABF}.Release|Any CPU.Build.0 = Release|Any CPU
		{ADC18C7E-A119-4606-82D9-CF1ACD5CFDC0}.Debug|Any CPU.ActiveCfg = Debug|Any CPU
		{ADC18C7E-A119-4606-82D9-CF1ACD5CFDC0}.Debug|Any CPU.Build.0 = Debug|Any CPU
		{ADC18C7E-A119-4606-82D9-CF1ACD5CFDC0}.Release|Any CPU.ActiveCfg = Release|Any CPU
		{ADC18C7E-A119-4606-82D9-CF1ACD5CFDC0}.Release|Any CPU.Build.0 = Release|Any CPU
		{FC2DBF1E-318E-4832-80B6-53032A660FCB}.Debug|Any CPU.ActiveCfg = Debug|Any CPU
		{FC2DBF1E-318E-4832-80B6-53032A660FCB}.Debug|Any CPU.Build.0 = Debug|Any CPU
		{FC2DBF1E-318E-4832-80B6-53032A660FCB}.Release|Any CPU.ActiveCfg = Release|Any CPU
		{FC2DBF1E-318E-4832-80B6-53032A660FCB}.Release|Any CPU.Build.0 = Release|Any CPU
		{B19FF33F-DD43-4423-A5F7-9B33B297C838}.Debug|Any CPU.ActiveCfg = Debug|Any CPU
		{B19FF33F-DD43-4423-A5F7-9B33B297C838}.Debug|Any CPU.Build.0 = Debug|Any CPU
		{B19FF33F-DD43-4423-A5F7-9B33B297C838}.Release|Any CPU.ActiveCfg = Release|Any CPU
		{B19FF33F-DD43-4423-A5F7-9B33B297C838}.Release|Any CPU.Build.0 = Release|Any CPU
		{B4C3A2A1-1129-4028-A3A7-DF927C6B8457}.Debug|Any CPU.ActiveCfg = Debug|Any CPU
		{B4C3A2A1-1129-4028-A3A7-DF927C6B8457}.Debug|Any CPU.Build.0 = Debug|Any CPU
		{B4C3A2A1-1129-4028-A3A7-DF927C6B8457}.Release|Any CPU.ActiveCfg = Release|Any CPU
		{B4C3A2A1-1129-4028-A3A7-DF927C6B8457}.Release|Any CPU.Build.0 = Release|Any CPU
		{8E90ABC5-A0B3-499E-8EA0-8289BA84AF05}.Debug|Any CPU.ActiveCfg = Debug|Any CPU
		{8E90ABC5-A0B3-499E-8EA0-8289BA84AF05}.Debug|Any CPU.Build.0 = Debug|Any CPU
		{8E90ABC5-A0B3-499E-8EA0-8289BA84AF05}.Release|Any CPU.ActiveCfg = Release|Any CPU
		{8E90ABC5-A0B3-499E-8EA0-8289BA84AF05}.Release|Any CPU.Build.0 = Release|Any CPU
		{F8A8B634-CE79-4954-A45C-13CEF1B83802}.Debug|Any CPU.ActiveCfg = Debug|Any CPU
		{F8A8B634-CE79-4954-A45C-13CEF1B83802}.Debug|Any CPU.Build.0 = Debug|Any CPU
		{F8A8B634-CE79-4954-A45C-13CEF1B83802}.Release|Any CPU.ActiveCfg = Release|Any CPU
		{F8A8B634-CE79-4954-A45C-13CEF1B83802}.Release|Any CPU.Build.0 = Release|Any CPU
		{2120677D-CCA5-4EF6-B8AF-FAEC4C57FA4C}.Debug|Any CPU.ActiveCfg = Debug|Any CPU
		{2120677D-CCA5-4EF6-B8AF-FAEC4C57FA4C}.Debug|Any CPU.Build.0 = Debug|Any CPU
		{2120677D-CCA5-4EF6-B8AF-FAEC4C57FA4C}.Release|Any CPU.ActiveCfg = Release|Any CPU
		{2120677D-CCA5-4EF6-B8AF-FAEC4C57FA4C}.Release|Any CPU.Build.0 = Release|Any CPU
		{4B9EC99E-DE59-4731-81EF-8F78585530CE}.Debug|Any CPU.ActiveCfg = Debug|Any CPU
		{4B9EC99E-DE59-4731-81EF-8F78585530CE}.Debug|Any CPU.Build.0 = Debug|Any CPU
		{4B9EC99E-DE59-4731-81EF-8F78585530CE}.Release|Any CPU.ActiveCfg = Release|Any CPU
		{4B9EC99E-DE59-4731-81EF-8F78585530CE}.Release|Any CPU.Build.0 = Release|Any CPU
		{74031A78-07CF-4A1D-92AA-3BBEC557B6B4}.Debug|Any CPU.ActiveCfg = Debug|Any CPU
		{74031A78-07CF-4A1D-92AA-3BBEC557B6B4}.Debug|Any CPU.Build.0 = Debug|Any CPU
		{74031A78-07CF-4A1D-92AA-3BBEC557B6B4}.Release|Any CPU.ActiveCfg = Release|Any CPU
		{74031A78-07CF-4A1D-92AA-3BBEC557B6B4}.Release|Any CPU.Build.0 = Release|Any CPU
		{D30FCB04-DD71-4B0E-9646-207353CF6518}.Debug|Any CPU.ActiveCfg = Debug|Any CPU
		{D30FCB04-DD71-4B0E-9646-207353CF6518}.Debug|Any CPU.Build.0 = Debug|Any CPU
		{D30FCB04-DD71-4B0E-9646-207353CF6518}.Release|Any CPU.ActiveCfg = Release|Any CPU
		{D30FCB04-DD71-4B0E-9646-207353CF6518}.Release|Any CPU.Build.0 = Release|Any CPU
		{49DA1BCA-BD08-4977-B0FB-5020CD58FE6B}.Debug|Any CPU.ActiveCfg = Debug|Any CPU
		{49DA1BCA-BD08-4977-B0FB-5020CD58FE6B}.Debug|Any CPU.Build.0 = Debug|Any CPU
		{49DA1BCA-BD08-4977-B0FB-5020CD58FE6B}.Release|Any CPU.ActiveCfg = Release|Any CPU
		{49DA1BCA-BD08-4977-B0FB-5020CD58FE6B}.Release|Any CPU.Build.0 = Release|Any CPU
		{75CED917-9DC8-4896-B4E1-2E08F0E7DEBE}.Debug|Any CPU.ActiveCfg = Debug|Any CPU
		{75CED917-9DC8-4896-B4E1-2E08F0E7DEBE}.Debug|Any CPU.Build.0 = Debug|Any CPU
		{75CED917-9DC8-4896-B4E1-2E08F0E7DEBE}.Release|Any CPU.ActiveCfg = Release|Any CPU
		{75CED917-9DC8-4896-B4E1-2E08F0E7DEBE}.Release|Any CPU.Build.0 = Release|Any CPU
		{8F9A842F-1523-418B-AA0B-9DFC2B5AF6EB}.Debug|Any CPU.ActiveCfg = Debug|Any CPU
		{8F9A842F-1523-418B-AA0B-9DFC2B5AF6EB}.Debug|Any CPU.Build.0 = Debug|Any CPU
		{8F9A842F-1523-418B-AA0B-9DFC2B5AF6EB}.Release|Any CPU.ActiveCfg = Release|Any CPU
		{8F9A842F-1523-418B-AA0B-9DFC2B5AF6EB}.Release|Any CPU.Build.0 = Release|Any CPU
		{327B0E1C-188D-4FF7-B49D-4ED0804DA0F4}.Debug|Any CPU.ActiveCfg = Debug|Any CPU
		{327B0E1C-188D-4FF7-B49D-4ED0804DA0F4}.Debug|Any CPU.Build.0 = Debug|Any CPU
		{327B0E1C-188D-4FF7-B49D-4ED0804DA0F4}.Release|Any CPU.ActiveCfg = Release|Any CPU
		{327B0E1C-188D-4FF7-B49D-4ED0804DA0F4}.Release|Any CPU.Build.0 = Release|Any CPU
		{FC89AD92-8DE9-4181-9D1A-CFE76817001D}.Debug|Any CPU.ActiveCfg = Debug|Any CPU
		{FC89AD92-8DE9-4181-9D1A-CFE76817001D}.Debug|Any CPU.Build.0 = Debug|Any CPU
		{FC89AD92-8DE9-4181-9D1A-CFE76817001D}.Release|Any CPU.ActiveCfg = Release|Any CPU
		{FC89AD92-8DE9-4181-9D1A-CFE76817001D}.Release|Any CPU.Build.0 = Release|Any CPU
		{95CD4FE1-F277-4C47-B3E3-0ED6123F10F0}.Debug|Any CPU.ActiveCfg = Debug|Any CPU
		{95CD4FE1-F277-4C47-B3E3-0ED6123F10F0}.Debug|Any CPU.Build.0 = Debug|Any CPU
		{95CD4FE1-F277-4C47-B3E3-0ED6123F10F0}.Release|Any CPU.ActiveCfg = Release|Any CPU
		{95CD4FE1-F277-4C47-B3E3-0ED6123F10F0}.Release|Any CPU.Build.0 = Release|Any CPU
		{A246C043-D063-401F-8B4A-648EC23C53FA}.Debug|Any CPU.ActiveCfg = Debug|Any CPU
		{A246C043-D063-401F-8B4A-648EC23C53FA}.Debug|Any CPU.Build.0 = Debug|Any CPU
		{A246C043-D063-401F-8B4A-648EC23C53FA}.Release|Any CPU.ActiveCfg = Release|Any CPU
		{A246C043-D063-401F-8B4A-648EC23C53FA}.Release|Any CPU.Build.0 = Release|Any CPU
		{C5C314DC-58E9-4EE8-A065-2B56F90E9D72}.Debug|Any CPU.ActiveCfg = Debug|Any CPU
		{C5C314DC-58E9-4EE8-A065-2B56F90E9D72}.Debug|Any CPU.Build.0 = Debug|Any CPU
		{C5C314DC-58E9-4EE8-A065-2B56F90E9D72}.Release|Any CPU.ActiveCfg = Release|Any CPU
		{C5C314DC-58E9-4EE8-A065-2B56F90E9D72}.Release|Any CPU.Build.0 = Release|Any CPU
		{4E5AED11-5B67-4C7F-8FDB-C5AE6DA0D64A}.Debug|Any CPU.ActiveCfg = Debug|Any CPU
		{4E5AED11-5B67-4C7F-8FDB-C5AE6DA0D64A}.Debug|Any CPU.Build.0 = Debug|Any CPU
		{4E5AED11-5B67-4C7F-8FDB-C5AE6DA0D64A}.Release|Any CPU.ActiveCfg = Release|Any CPU
		{4E5AED11-5B67-4C7F-8FDB-C5AE6DA0D64A}.Release|Any CPU.Build.0 = Release|Any CPU
	EndGlobalSection
	GlobalSection(SolutionProperties) = preSolution
		HideSolutionNode = FALSE
	EndGlobalSection
	GlobalSection(ExtensibilityGlobals) = postSolution
		SolutionGuid = {3D852CEF-EF42-45EA-B8FA-D7962A45E40C}
	EndGlobalSection
EndGlobal
