
Microsoft Visual Studio Solution File, Format Version 12.00
# Visual Studio Version 16
VisualStudioVersion = 16.0.29728.190
MinimumVisualStudioVersion = 10.0.40219.1
Project("{FAE04EC0-301F-11D3-BF4B-00C04F79EFBC}") = "STRING1", "STRING1\STRING1.csproj", "{AD08A403-F1CC-4DAB-AF7C-D923575CFFC6}"
EndProject
Global
	GlobalSection(SolutionConfigurationPlatforms) = preSolution
		Debug|Any CPU = Debug|Any CPU
		Release|Any CPU = Release|Any CPU
	EndGlobalSection
	GlobalSection(ProjectConfigurationPlatforms) = postSolution
		{AD08A403-F1CC-4DAB-AF7C-D923575CFFC6}.Debug|Any CPU.ActiveCfg = Debug|Any CPU
		{AD08A403-F1CC-4DAB-AF7C-D923575CFFC6}.Debug|Any CPU.Build.0 = Debug|Any CPU
		{AD08A403-F1CC-4DAB-AF7C-D923575CFFC6}.Release|Any CPU.ActiveCfg = Release|Any CPU
		{AD08A403-F1CC-4DAB-AF7C-D923575CFFC6}.Release|Any CPU.Build.0 = Release|Any CPU
	EndGlobalSection
	GlobalSection(SolutionProperties) = preSolution
		HideSolutionNode = FALSE
	EndGlobalSection
	GlobalSection(ExtensibilityGlobals) = postSolution
		SolutionGuid = {3D852CEF-EF42-45EA-B8FA-D7962A45E40C}
	EndGlobalSection
EndGlobal
