
Microsoft Visual Studio Solution File, Format Version 12.00
# Visual Studio Version 16
VisualStudioVersion = 16.0.30406.217
MinimumVisualStudioVersion = 10.0.40219.1
Project("{FAE04EC0-301F-11D3-BF4B-00C04F79EFBC}") = "_CSHARP_EXCEPTIONS_EXERCISES_01", "_CSHARP_EXCEPTIONS_EXERCISES_01\_CSHARP_EXCEPTIONS_EXERCISES_01.csproj", "{C21939ED-EAB8-4816-A722-8BDE28CCDB9F}"
EndProject
Project("{FAE04EC0-301F-11D3-BF4B-00C04F79EFBC}") = "_CSHARP_EXCEPTIONS_EXERCISES_02", "_CSHARP_EXCEPTIONS_EXERCISES_02\_CSHARP_EXCEPTIONS_EXERCISES_02.csproj", "{48958E3E-361C-4CF6-82D4-0A382BEA64C5}"
EndProject
Global
	GlobalSection(SolutionConfigurationPlatforms) = preSolution
		Debug|Any CPU = Debug|Any CPU
		Release|Any CPU = Release|Any CPU
	EndGlobalSection
	GlobalSection(ProjectConfigurationPlatforms) = postSolution
		{C21939ED-EAB8-4816-A722-8BDE28CCDB9F}.Debug|Any CPU.ActiveCfg = Debug|Any CPU
		{C21939ED-EAB8-4816-A722-8BDE28CCDB9F}.Debug|Any CPU.Build.0 = Debug|Any CPU
		{C21939ED-EAB8-4816-A722-8BDE28CCDB9F}.Release|Any CPU.ActiveCfg = Release|Any CPU
		{C21939ED-EAB8-4816-A722-8BDE28CCDB9F}.Release|Any CPU.Build.0 = Release|Any CPU
		{48958E3E-361C-4CF6-82D4-0A382BEA64C5}.Debug|Any CPU.ActiveCfg = Debug|Any CPU
		{48958E3E-361C-4CF6-82D4-0A382BEA64C5}.Debug|Any CPU.Build.0 = Debug|Any CPU
		{48958E3E-361C-4CF6-82D4-0A382BEA64C5}.Release|Any CPU.ActiveCfg = Release|Any CPU
		{48958E3E-361C-4CF6-82D4-0A382BEA64C5}.Release|Any CPU.Build.0 = Release|Any CPU
	EndGlobalSection
	GlobalSection(SolutionProperties) = preSolution
		HideSolutionNode = FALSE
	EndGlobalSection
	GlobalSection(ExtensibilityGlobals) = postSolution
		SolutionGuid = {E66B274E-E1CA-452B-B62C-F7B5327B8474}
	EndGlobalSection
EndGlobal
