
Microsoft Visual Studio Solution File, Format Version 12.00
# Visual Studio Version 16
VisualStudioVersion = 16.0.30406.217
MinimumVisualStudioVersion = 10.0.40219.1
Project("{9A19103F-16F7-4668-BE54-9A1E7A4F7556}") = "_CSHARP_DELEGATES_EXERCISES_01", "_CSHARP_DELEGATES_EXERCISES_01\_CSHARP_DELEGATES_EXERCISES_01.csproj", "{22AC0E0C-78FB-4386-801A-BD822CCC163A}"
EndProject
Project("{9A19103F-16F7-4668-BE54-9A1E7A4F7556}") = "_CSHARP_DELEGATES_EXERCISES_02", "_CSHARP_DELEGATES_EXERCISES_02\_CSHARP_DELEGATES_EXERCISES_02.csproj", "{A61372AE-B800-4436-840F-A75C691F1F5F}"
EndProject
Project("{9A19103F-16F7-4668-BE54-9A1E7A4F7556}") = "_CSHARP_DELEGATES_EXERCISES_03", "_CSHARP_DELEGATES_EXERCISES_03\_CSHARP_DELEGATES_EXERCISES_03.csproj", "{73803AE9-6E1C-487B-B7DF-54741A0BA536}"
EndProject
Global
	GlobalSection(SolutionConfigurationPlatforms) = preSolution
		Debug|Any CPU = Debug|Any CPU
		Release|Any CPU = Release|Any CPU
	EndGlobalSection
	GlobalSection(ProjectConfigurationPlatforms) = postSolution
		{22AC0E0C-78FB-4386-801A-BD822CCC163A}.Debug|Any CPU.ActiveCfg = Debug|Any CPU
		{22AC0E0C-78FB-4386-801A-BD822CCC163A}.Debug|Any CPU.Build.0 = Debug|Any CPU
		{22AC0E0C-78FB-4386-801A-BD822CCC163A}.Release|Any CPU.ActiveCfg = Release|Any CPU
		{22AC0E0C-78FB-4386-801A-BD822CCC163A}.Release|Any CPU.Build.0 = Release|Any CPU
		{A61372AE-B800-4436-840F-A75C691F1F5F}.Debug|Any CPU.ActiveCfg = Debug|Any CPU
		{A61372AE-B800-4436-840F-A75C691F1F5F}.Debug|Any CPU.Build.0 = Debug|Any CPU
		{A61372AE-B800-4436-840F-A75C691F1F5F}.Release|Any CPU.ActiveCfg = Release|Any CPU
		{A61372AE-B800-4436-840F-A75C691F1F5F}.Release|Any CPU.Build.0 = Release|Any CPU
		{73803AE9-6E1C-487B-B7DF-54741A0BA536}.Debug|Any CPU.ActiveCfg = Debug|Any CPU
		{73803AE9-6E1C-487B-B7DF-54741A0BA536}.Debug|Any CPU.Build.0 = Debug|Any CPU
		{73803AE9-6E1C-487B-B7DF-54741A0BA536}.Release|Any CPU.ActiveCfg = Release|Any CPU
		{73803AE9-6E1C-487B-B7DF-54741A0BA536}.Release|Any CPU.Build.0 = Release|Any CPU
	EndGlobalSection
	GlobalSection(SolutionProperties) = preSolution
		HideSolutionNode = FALSE
	EndGlobalSection
	GlobalSection(ExtensibilityGlobals) = postSolution
		SolutionGuid = {AE41E92F-4864-4E7F-924F-6B28960C35C0}
	EndGlobalSection
EndGlobal
