
Microsoft Visual Studio Solution File, Format Version 12.00
# Visual Studio Version 16
VisualStudioVersion = 16.0.30406.217
MinimumVisualStudioVersion = 10.0.40219.1
Project("{FAE04EC0-301F-11D3-BF4B-00C04F79EFBC}") = "VIEW_01", "VIEW_01\VIEW_01.csproj", "{DB6FD3DF-98CA-4705-AEEF-4250CA7C69D3}"
EndProject
Global
	GlobalSection(SolutionConfigurationPlatforms) = preSolution
		Debug|Any CPU = Debug|Any CPU
		Release|Any CPU = Release|Any CPU
	EndGlobalSection
	GlobalSection(ProjectConfigurationPlatforms) = postSolution
		{DB6FD3DF-98CA-4705-AEEF-4250CA7C69D3}.Debug|Any CPU.ActiveCfg = Debug|Any CPU
		{DB6FD3DF-98CA-4705-AEEF-4250CA7C69D3}.Debug|Any CPU.Build.0 = Debug|Any CPU
		{DB6FD3DF-98CA-4705-AEEF-4250CA7C69D3}.Release|Any CPU.ActiveCfg = Release|Any CPU
		{DB6FD3DF-98CA-4705-AEEF-4250CA7C69D3}.Release|Any CPU.Build.0 = Release|Any CPU
	EndGlobalSection
	GlobalSection(SolutionProperties) = preSolution
		HideSolutionNode = FALSE
	EndGlobalSection
	GlobalSection(ExtensibilityGlobals) = postSolution
		SolutionGuid = {0AE48A29-8B03-4063-816B-1BC56D5CE236}
	EndGlobalSection
EndGlobal
