
Microsoft Visual Studio Solution File, Format Version 12.00
# Visual Studio Version 16
VisualStudioVersion = 16.0.30406.217
MinimumVisualStudioVersion = 10.0.40219.1
Project("{FAE04EC0-301F-11D3-BF4B-00C04F79EFBC}") = "ACTIONS_EXERCISES", "ACTIONS_EXERCISES\ACTIONS_EXERCISES.csproj", "{11096216-1700-4634-83FF-B3BB98B525AD}"
EndProject
Project("{FAE04EC0-301F-11D3-BF4B-00C04F79EFBC}") = "ACTIONS_EXERCISES_01", "ACTIONS_EXERCISES_01\ACTIONS_EXERCISES_01.csproj", "{A4344C9D-1F5A-416F-8240-2A47185F1010}"
EndProject
Global
	GlobalSection(SolutionConfigurationPlatforms) = preSolution
		Debug|Any CPU = Debug|Any CPU
		Release|Any CPU = Release|Any CPU
	EndGlobalSection
	GlobalSection(ProjectConfigurationPlatforms) = postSolution
		{11096216-1700-4634-83FF-B3BB98B525AD}.Debug|Any CPU.ActiveCfg = Debug|Any CPU
		{11096216-1700-4634-83FF-B3BB98B525AD}.Debug|Any CPU.Build.0 = Debug|Any CPU
		{11096216-1700-4634-83FF-B3BB98B525AD}.Release|Any CPU.ActiveCfg = Release|Any CPU
		{11096216-1700-4634-83FF-B3BB98B525AD}.Release|Any CPU.Build.0 = Release|Any CPU
		{A4344C9D-1F5A-416F-8240-2A47185F1010}.Debug|Any CPU.ActiveCfg = Debug|Any CPU
		{A4344C9D-1F5A-416F-8240-2A47185F1010}.Debug|Any CPU.Build.0 = Debug|Any CPU
		{A4344C9D-1F5A-416F-8240-2A47185F1010}.Release|Any CPU.ActiveCfg = Release|Any CPU
		{A4344C9D-1F5A-416F-8240-2A47185F1010}.Release|Any CPU.Build.0 = Release|Any CPU
	EndGlobalSection
	GlobalSection(SolutionProperties) = preSolution
		HideSolutionNode = FALSE
	EndGlobalSection
	GlobalSection(ExtensibilityGlobals) = postSolution
		SolutionGuid = {43888EB6-4C8B-4388-9915-0EF824C266CD}
	EndGlobalSection
EndGlobal
