
Microsoft Visual Studio Solution File, Format Version 12.00
# Visual Studio Version 16
VisualStudioVersion = 16.0.30406.217
MinimumVisualStudioVersion = 10.0.40219.1
Project("{FAE04EC0-301F-11D3-BF4B-00C04F79EFBC}") = "_CSHARP_CLASSES__EXERCISES_01", "_CSHARP_CLASSES__EXERCISES_01\_CSHARP_CLASSES__EXERCISES_01.csproj", "{FADFB60D-6242-4449-9D87-95EB7AE67CF5}"
EndProject
Project("{FAE04EC0-301F-11D3-BF4B-00C04F79EFBC}") = "_CSHARP_CLASSES__EXERCISES_02", "_CSHARP_CLASSES__EXERCISES_02\_CSHARP_CLASSES__EXERCISES_02.csproj", "{204622A4-4177-4B4E-9036-7F0327144783}"
EndProject
Global
	GlobalSection(SolutionConfigurationPlatforms) = preSolution
		Debug|Any CPU = Debug|Any CPU
		Release|Any CPU = Release|Any CPU
	EndGlobalSection
	GlobalSection(ProjectConfigurationPlatforms) = postSolution
		{FADFB60D-6242-4449-9D87-95EB7AE67CF5}.Debug|Any CPU.ActiveCfg = Debug|Any CPU
		{FADFB60D-6242-4449-9D87-95EB7AE67CF5}.Debug|Any CPU.Build.0 = Debug|Any CPU
		{FADFB60D-6242-4449-9D87-95EB7AE67CF5}.Release|Any CPU.ActiveCfg = Release|Any CPU
		{FADFB60D-6242-4449-9D87-95EB7AE67CF5}.Release|Any CPU.Build.0 = Release|Any CPU
		{204622A4-4177-4B4E-9036-7F0327144783}.Debug|Any CPU.ActiveCfg = Debug|Any CPU
		{204622A4-4177-4B4E-9036-7F0327144783}.Debug|Any CPU.Build.0 = Debug|Any CPU
		{204622A4-4177-4B4E-9036-7F0327144783}.Release|Any CPU.ActiveCfg = Release|Any CPU
		{204622A4-4177-4B4E-9036-7F0327144783}.Release|Any CPU.Build.0 = Release|Any CPU
	EndGlobalSection
	GlobalSection(SolutionProperties) = preSolution
		HideSolutionNode = FALSE
	EndGlobalSection
	GlobalSection(ExtensibilityGlobals) = postSolution
		SolutionGuid = {93364D29-DD64-44D5-A13D-EECB985B5CDB}
	EndGlobalSection
EndGlobal
