
Microsoft Visual Studio Solution File, Format Version 12.00
# Visual Studio Version 16
VisualStudioVersion = 16.0.30406.217
MinimumVisualStudioVersion = 10.0.40219.1
Project("{9A19103F-16F7-4668-BE54-9A1E7A4F7556}") = "_CSHARP_INHERITANCE_EXERCISES_01", "_CSHARP_INHERITANCE_EXERCISES_01\_CSHARP_INHERITANCE_EXERCISES_01.csproj", "{C743AB65-5080-4EFD-9D5F-CDAD54CF7AF6}"
EndProject
Project("{9A19103F-16F7-4668-BE54-9A1E7A4F7556}") = "_CSHARP_INHERITANCE_EXERCISES_02", "_CSHARP_INHERITANCE_EXERCISES_02\_CSHARP_INHERITANCE_EXERCISES_02.csproj", "{94F4ED39-3F2D-45C5-844D-426E78553194}"
EndProject
Project("{9A19103F-16F7-4668-BE54-9A1E7A4F7556}") = "_CSHARP_INHERITANCE_EXERCISES_03", "_CSHARP_INHERITANCE_EXERCISES_03\_CSHARP_INHERITANCE_EXERCISES_03.csproj", "{6623044F-7748-4E27-A6D1-45CF0DD7CC4A}"
EndProject
Project("{9A19103F-16F7-4668-BE54-9A1E7A4F7556}") = "_CSHARP_INHERITANCE_EXERCISES_04", "_CSHARP_INHERITANCE_EXERCISES_04\_CSHARP_INHERITANCE_EXERCISES_04.csproj", "{5453DE05-2AC3-45D3-A638-70C360B9D94F}"
EndProject
Project("{9A19103F-16F7-4668-BE54-9A1E7A4F7556}") = "_CSHARP_INHERITANCE_EXERCISES_05", "_CSHARP_INHERITANCE_EXERCISES_05\_CSHARP_INHERITANCE_EXERCISES_05.csproj", "{6532EF43-5EAD-40FD-BC2D-878ECBD1EAC1}"
EndProject
Project("{FAE04EC0-301F-11D3-BF4B-00C04F79EFBC}") = "_CSHARP_INHERITANCE_EXERCISES_06", "_CSHARP_INHERITANCE_EXERCISES_06\_CSHARP_INHERITANCE_EXERCISES_06.csproj", "{07A916F3-B5F4-451F-B6E5-C8DB3BEBE069}"
EndProject
Global
	GlobalSection(SolutionConfigurationPlatforms) = preSolution
		Debug|Any CPU = Debug|Any CPU
		Release|Any CPU = Release|Any CPU
	EndGlobalSection
	GlobalSection(ProjectConfigurationPlatforms) = postSolution
		{C743AB65-5080-4EFD-9D5F-CDAD54CF7AF6}.Debug|Any CPU.ActiveCfg = Debug|Any CPU
		{C743AB65-5080-4EFD-9D5F-CDAD54CF7AF6}.Debug|Any CPU.Build.0 = Debug|Any CPU
		{C743AB65-5080-4EFD-9D5F-CDAD54CF7AF6}.Release|Any CPU.ActiveCfg = Release|Any CPU
		{C743AB65-5080-4EFD-9D5F-CDAD54CF7AF6}.Release|Any CPU.Build.0 = Release|Any CPU
		{94F4ED39-3F2D-45C5-844D-426E78553194}.Debug|Any CPU.ActiveCfg = Debug|Any CPU
		{94F4ED39-3F2D-45C5-844D-426E78553194}.Debug|Any CPU.Build.0 = Debug|Any CPU
		{94F4ED39-3F2D-45C5-844D-426E78553194}.Release|Any CPU.ActiveCfg = Release|Any CPU
		{94F4ED39-3F2D-45C5-844D-426E78553194}.Release|Any CPU.Build.0 = Release|Any CPU
		{6623044F-7748-4E27-A6D1-45CF0DD7CC4A}.Debug|Any CPU.ActiveCfg = Debug|Any CPU
		{6623044F-7748-4E27-A6D1-45CF0DD7CC4A}.Debug|Any CPU.Build.0 = Debug|Any CPU
		{6623044F-7748-4E27-A6D1-45CF0DD7CC4A}.Release|Any CPU.ActiveCfg = Release|Any CPU
		{6623044F-7748-4E27-A6D1-45CF0DD7CC4A}.Release|Any CPU.Build.0 = Release|Any CPU
		{5453DE05-2AC3-45D3-A638-70C360B9D94F}.Debug|Any CPU.ActiveCfg = Debug|Any CPU
		{5453DE05-2AC3-45D3-A638-70C360B9D94F}.Debug|Any CPU.Build.0 = Debug|Any CPU
		{5453DE05-2AC3-45D3-A638-70C360B9D94F}.Release|Any CPU.ActiveCfg = Release|Any CPU
		{5453DE05-2AC3-45D3-A638-70C360B9D94F}.Release|Any CPU.Build.0 = Release|Any CPU
		{6532EF43-5EAD-40FD-BC2D-878ECBD1EAC1}.Debug|Any CPU.ActiveCfg = Debug|Any CPU
		{6532EF43-5EAD-40FD-BC2D-878ECBD1EAC1}.Debug|Any CPU.Build.0 = Debug|Any CPU
		{6532EF43-5EAD-40FD-BC2D-878ECBD1EAC1}.Release|Any CPU.ActiveCfg = Release|Any CPU
		{6532EF43-5EAD-40FD-BC2D-878ECBD1EAC1}.Release|Any CPU.Build.0 = Release|Any CPU
		{07A916F3-B5F4-451F-B6E5-C8DB3BEBE069}.Debug|Any CPU.ActiveCfg = Debug|Any CPU
		{07A916F3-B5F4-451F-B6E5-C8DB3BEBE069}.Debug|Any CPU.Build.0 = Debug|Any CPU
		{07A916F3-B5F4-451F-B6E5-C8DB3BEBE069}.Release|Any CPU.ActiveCfg = Release|Any CPU
		{07A916F3-B5F4-451F-B6E5-C8DB3BEBE069}.Release|Any CPU.Build.0 = Release|Any CPU
	EndGlobalSection
	GlobalSection(SolutionProperties) = preSolution
		HideSolutionNode = FALSE
	EndGlobalSection
	GlobalSection(ExtensibilityGlobals) = postSolution
		SolutionGuid = {93364D29-DD64-44D5-A13D-EECB985B5CDB}
	EndGlobalSection
EndGlobal
