
Microsoft Visual Studio Solution File, Format Version 12.00
# Visual Studio Version 16
VisualStudioVersion = 16.0.29728.190
MinimumVisualStudioVersion = 10.0.40219.1
Project("{9A19103F-16F7-4668-BE54-9A1E7A4F7556}") = "STRING08", "STRING08\STRING08.csproj", "{F74D9624-D100-4F29-8398-C99E633A5ABF}"
EndProject
Project("{9A19103F-16F7-4668-BE54-9A1E7A4F7556}") = "STRING09", "STRING09\STRING09.csproj", "{ADC18C7E-A119-4606-82D9-CF1ACD5CFDC0}"
EndProject
Project("{9A19103F-16F7-4668-BE54-9A1E7A4F7556}") = "STRING01", "STRING01\STRING01.csproj", "{FC2DBF1E-318E-4832-80B6-53032A660FCB}"
EndProject
Project("{9A19103F-16F7-4668-BE54-9A1E7A4F7556}") = "STRING02", "STRING02\STRING02.csproj", "{B19FF33F-DD43-4423-A5F7-9B33B297C838}"
EndProject
Project("{9A19103F-16F7-4668-BE54-9A1E7A4F7556}") = "STRING03", "STRING03\STRING03.csproj", "{B4C3A2A1-1129-4028-A3A7-DF927C6B8457}"
EndProject
Project("{9A19103F-16F7-4668-BE54-9A1E7A4F7556}") = "STRING04", "STRING04\STRING04.csproj", "{8E90ABC5-A0B3-499E-8EA0-8289BA84AF05}"
EndProject
Project("{9A19103F-16F7-4668-BE54-9A1E7A4F7556}") = "STRING05", "STRING05\STRING05.csproj", "{F8A8B634-CE79-4954-A45C-13CEF1B83802}"
EndProject
Project("{9A19103F-16F7-4668-BE54-9A1E7A4F7556}") = "STRING06", "STRING06\STRING06.csproj", "{2120677D-CCA5-4EF6-B8AF-FAEC4C57FA4C}"
EndProject
Project("{9A19103F-16F7-4668-BE54-9A1E7A4F7556}") = "STRING07", "STRING07\STRING07.csproj", "{4B9EC99E-DE59-4731-81EF-8F78585530CE}"
EndProject
Project("{9A19103F-16F7-4668-BE54-9A1E7A4F7556}") = "STRING10", "STRING10\STRING10.csproj", "{74031A78-07CF-4A1D-92AA-3BBEC557B6B4}"
EndProject
Project("{9A19103F-16F7-4668-BE54-9A1E7A4F7556}") = "STRING11", "STRING11\STRING11.csproj", "{D30FCB04-DD71-4B0E-9646-207353CF6518}"
EndProject
Project("{9A19103F-16F7-4668-BE54-9A1E7A4F7556}") = "STRING12", "STRING12\STRING12.csproj", "{49DA1BCA-BD08-4977-B0FB-5020CD58FE6B}"
EndProject
Project("{9A19103F-16F7-4668-BE54-9A1E7A4F7556}") = "STRING13", "STRING13\STRING13.csproj", "{75CED917-9DC8-4896-B4E1-2E08F0E7DEBE}"
EndProject
Project("{9A19103F-16F7-4668-BE54-9A1E7A4F7556}") = "STRING14", "STRING14\STRING14.csproj", "{8F9A842F-1523-418B-AA0B-9DFC2B5AF6EB}"
EndProject
Project("{9A19103F-16F7-4668-BE54-9A1E7A4F7556}") = "STRING15", "STRING15\STRING15.csproj", "{327B0E1C-188D-4FF7-B49D-4ED0804DA0F4}"
EndProject
Project("{9A19103F-16F7-4668-BE54-9A1E7A4F7556}") = "STRING16", "STRING16\STRING16.csproj", "{FC89AD92-8DE9-4181-9D1A-CFE76817001D}"
EndProject
Project("{9A19103F-16F7-4668-BE54-9A1E7A4F7556}") = "STRING17", "STRING17\STRING17.csproj", "{95CD4FE1-F277-4C47-B3E3-0ED6123F10F0}"
EndProject
Project("{9A19103F-16F7-4668-BE54-9A1E7A4F7556}") = "STRING18", "STRING18\STRING18.csproj", "{A246C043-D063-401F-8B4A-648EC23C53FA}"
EndProject
Project("{9A19103F-16F7-4668-BE54-9A1E7A4F7556}") = "STRING19", "STRING19\STRING19.csproj", "{C5C314DC-58E9-4EE8-A065-2B56F90E9D72}"
EndProject
Project("{9A19103F-16F7-4668-BE54-9A1E7A4F7556}") = "STRING20", "STRING20\STRING20.csproj", "{4E5AED11-5B67-4C7F-8FDB-C5AE6DA0D64A}"
EndProject
Project("{9A19103F-16F7-4668-BE54-9A1E7A4F7556}") = "STRING21", "STRING21\STRING21.csproj", "{85135E84-B074-430F-8A20-02ABC9EEB2C4}"
EndProject
Project("{9A19103F-16F7-4668-BE54-9A1E7A4F7556}") = "STRING22", "STRING22\STRING22.csproj", "{46D4EB64-61C6-47BC-B3F8-D9596743B969}"
EndProject
Project("{9A19103F-16F7-4668-BE54-9A1E7A4F7556}") = "STRING23", "STRING23\STRING23.csproj", "{38918BEA-BF2A-4B27-8E30-7126AB0A6E7F}"
EndProject
Project("{9A19103F-16F7-4668-BE54-9A1E7A4F7556}") = "STRING24", "STRING24\STRING24.csproj", "{31810B0D-9CFD-42B5-B6A5-A3DAC5B80B53}"
EndProject
Project("{9A19103F-16F7-4668-BE54-9A1E7A4F7556}") = "STRING25", "STRING25\STRING25.csproj", "{455CFEA1-05C2-4480-94D8-719254B79D77}"
EndProject
Project("{9A19103F-16F7-4668-BE54-9A1E7A4F7556}") = "STRING26", "STRING26\STRING26.csproj", "{B9BEBA29-1A90-4C46-94CC-B8D90DBB14FA}"
EndProject
Project("{9A19103F-16F7-4668-BE54-9A1E7A4F7556}") = "STRING27", "STRING27\STRING27.csproj", "{9062E57C-F659-4DE0-A25D-7C5CEE072969}"
EndProject
Project("{9A19103F-16F7-4668-BE54-9A1E7A4F7556}") = "STRING28", "STRING28\STRING28.csproj", "{506C33A4-3585-4AF1-8A3D-0B309EFE8EFD}"
EndProject
Project("{9A19103F-16F7-4668-BE54-9A1E7A4F7556}") = "STRING29", "STRING29\STRING29.csproj", "{22CDFBB1-2868-4838-968C-2BD1599FD7BA}"
EndProject
Project("{9A19103F-16F7-4668-BE54-9A1E7A4F7556}") = "STRING30", "STRING30\STRING30.csproj", "{DD8C6922-92C3-445C-BC54-87F0D06748DA}"
EndProject
Project("{9A19103F-16F7-4668-BE54-9A1E7A4F7556}") = "STRING31", "STRING31\STRING31.csproj", "{8A1EA518-79F2-4774-B54E-4F457F63DB05}"
EndProject
Project("{9A19103F-16F7-4668-BE54-9A1E7A4F7556}") = "STRING32", "STRING32\STRING32.csproj", "{60D60847-C22E-4D9E-ADD7-2B477BEA8770}"
EndProject
Project("{9A19103F-16F7-4668-BE54-9A1E7A4F7556}") = "STRING33", "STRING33\STRING33.csproj", "{AD2FCEC5-8060-4778-8B7F-BFD188F739D5}"
EndProject
Project("{9A19103F-16F7-4668-BE54-9A1E7A4F7556}") = "STRING34", "STRING34\STRING34.csproj", "{AEF9E908-EBC2-43C8-BBB8-6150BA876E0C}"
EndProject
Project("{9A19103F-16F7-4668-BE54-9A1E7A4F7556}") = "STRING35", "STRING35\STRING35.csproj", "{BF378445-7CA4-4B9C-A909-2D7B33C7AF5E}"
EndProject
Project("{9A19103F-16F7-4668-BE54-9A1E7A4F7556}") = "STRING36", "STRING36\STRING36.csproj", "{8D59508E-8698-4852-9E15-C399344F4ADA}"
EndProject
Project("{9A19103F-16F7-4668-BE54-9A1E7A4F7556}") = "STRING37", "STRING37\STRING37.csproj", "{1D5E5B7E-9935-4944-B658-65314A8A71A4}"
EndProject
Project("{9A19103F-16F7-4668-BE54-9A1E7A4F7556}") = "STRING38", "STRING38\STRING38.csproj", "{C0BC654C-3936-4D42-AE11-9A78484C4D2F}"
EndProject
Project("{9A19103F-16F7-4668-BE54-9A1E7A4F7556}") = "STRING39", "STRING39\STRING39.csproj", "{6E5BC7E8-CC93-44CD-9FC8-A88572165725}"
EndProject
Project("{9A19103F-16F7-4668-BE54-9A1E7A4F7556}") = "STRING40", "STRING40\STRING40.csproj", "{BE0C3703-FE7B-4523-8283-06CDAE0658C8}"
EndProject
Project("{9A19103F-16F7-4668-BE54-9A1E7A4F7556}") = "STRING41", "STRING41\STRING41.csproj", "{86FD922B-9CAF-4ED2-8C93-DF2D51074220}"
EndProject
Project("{9A19103F-16F7-4668-BE54-9A1E7A4F7556}") = "STRING42", "STRING42\STRING42.csproj", "{5E721658-7E7B-48AB-91FA-26B81048D737}"
EndProject
Project("{9A19103F-16F7-4668-BE54-9A1E7A4F7556}") = "STRING43", "STRING43\STRING43.csproj", "{54D85407-77EC-462D-B739-DBEFCAE194F9}"
EndProject
Project("{9A19103F-16F7-4668-BE54-9A1E7A4F7556}") = "STRING44", "STRING44\STRING44.csproj", "{6F08A2A8-21DA-4EC5-81F8-20E84F358852}"
EndProject
Project("{9A19103F-16F7-4668-BE54-9A1E7A4F7556}") = "STRING45", "STRING45\STRING45.csproj", "{5272FEAD-2181-4F9E-99EC-9A0880C23271}"
EndProject
Project("{9A19103F-16F7-4668-BE54-9A1E7A4F7556}") = "STRING46", "STRING46\STRING46.csproj", "{B0F4CAFA-7FBB-4FCA-A911-CDC696FC8F70}"
EndProject
Project("{9A19103F-16F7-4668-BE54-9A1E7A4F7556}") = "STRING47", "STRING47\STRING47.csproj", "{C25F2B69-EF33-402B-8F26-5343559EAE5D}"
EndProject
Project("{9A19103F-16F7-4668-BE54-9A1E7A4F7556}") = "STRING48", "STRING48\STRING48.csproj", "{72D4FC55-2BD5-46AE-A2B5-DB9C76578DC0}"
EndProject
Project("{9A19103F-16F7-4668-BE54-9A1E7A4F7556}") = "STRING49", "STRING49\STRING49.csproj", "{3CFD3B58-F66E-43F3-8575-6CF2AA419A3C}"
EndProject
Project("{9A19103F-16F7-4668-BE54-9A1E7A4F7556}") = "STRING50", "STRING50\STRING50.csproj", "{D0072581-54A4-45D3-B5EC-4885B57E3B63}"
EndProject
Project("{9A19103F-16F7-4668-BE54-9A1E7A4F7556}") = "STRING51", "STRING51\STRING51.csproj", "{59188597-E330-43A1-BADF-ADA282715317}"
EndProject
Project("{9A19103F-16F7-4668-BE54-9A1E7A4F7556}") = "STRING52", "STRING52\STRING52.csproj", "{CC314431-01BB-4C6E-83E6-3FCC1C139B4A}"
EndProject
Project("{9A19103F-16F7-4668-BE54-9A1E7A4F7556}") = "STRING53", "STRING53\STRING53.csproj", "{17E34F69-A01F-4936-939B-21FC9CD3ED94}"
EndProject
Project("{9A19103F-16F7-4668-BE54-9A1E7A4F7556}") = "STRING54", "STRING54\STRING54.csproj", "{9A1400D5-44F5-4CC9-9EEB-36945D5D17A2}"
EndProject
Project("{9A19103F-16F7-4668-BE54-9A1E7A4F7556}") = "STRING55", "STRING55\STRING55.csproj", "{F9EC7FDB-551C-4411-A2F0-B32F3A682D53}"
EndProject
Project("{9A19103F-16F7-4668-BE54-9A1E7A4F7556}") = "STRING56", "STRING56\STRING56.csproj", "{8FA90FC6-30C4-42E6-968E-73FAD101AE42}"
EndProject
Project("{9A19103F-16F7-4668-BE54-9A1E7A4F7556}") = "STRING57", "STRING57\STRING57.csproj", "{32987F33-428A-4781-9CCE-CB64506015DB}"
EndProject
Project("{9A19103F-16F7-4668-BE54-9A1E7A4F7556}") = "STRING58", "STRING58\STRING58.csproj", "{0306ABB2-581A-4136-9062-36D03DED99B8}"
EndProject
Project("{9A19103F-16F7-4668-BE54-9A1E7A4F7556}") = "STRING59", "STRING59\STRING59.csproj", "{CC162F1D-0B61-4602-A77D-44FD79BC600C}"
EndProject
Project("{FAE04EC0-301F-11D3-BF4B-00C04F79EFBC}") = "STRING60", "STRING60\STRING60.csproj", "{54D8011E-EBDC-45DA-8561-5CA13AB18EE5}"
EndProject
Global
	GlobalSection(SolutionConfigurationPlatforms) = preSolution
		Debug|Any CPU = Debug|Any CPU
		Release|Any CPU = Release|Any CPU
	EndGlobalSection
	GlobalSection(ProjectConfigurationPlatforms) = postSolution
		{F74D9624-D100-4F29-8398-C99E633A5ABF}.Debug|Any CPU.ActiveCfg = Debug|Any CPU
		{F74D9624-D100-4F29-8398-C99E633A5ABF}.Debug|Any CPU.Build.0 = Debug|Any CPU
		{F74D9624-D100-4F29-8398-C99E633A5ABF}.Release|Any CPU.ActiveCfg = Release|Any CPU
		{F74D9624-D100-4F29-8398-C99E633A5ABF}.Release|Any CPU.Build.0 = Release|Any CPU
		{ADC18C7E-A119-4606-82D9-CF1ACD5CFDC0}.Debug|Any CPU.ActiveCfg = Debug|Any CPU
		{ADC18C7E-A119-4606-82D9-CF1ACD5CFDC0}.Debug|Any CPU.Build.0 = Debug|Any CPU
		{ADC18C7E-A119-4606-82D9-CF1ACD5CFDC0}.Release|Any CPU.ActiveCfg = Release|Any CPU
		{ADC18C7E-A119-4606-82D9-CF1ACD5CFDC0}.Release|Any CPU.Build.0 = Release|Any CPU
		{FC2DBF1E-318E-4832-80B6-53032A660FCB}.Debug|Any CPU.ActiveCfg = Debug|Any CPU
		{FC2DBF1E-318E-4832-80B6-53032A660FCB}.Debug|Any CPU.Build.0 = Debug|Any CPU
		{FC2DBF1E-318E-4832-80B6-53032A660FCB}.Release|Any CPU.ActiveCfg = Release|Any CPU
		{FC2DBF1E-318E-4832-80B6-53032A660FCB}.Release|Any CPU.Build.0 = Release|Any CPU
		{B19FF33F-DD43-4423-A5F7-9B33B297C838}.Debug|Any CPU.ActiveCfg = Debug|Any CPU
		{B19FF33F-DD43-4423-A5F7-9B33B297C838}.Debug|Any CPU.Build.0 = Debug|Any CPU
		{B19FF33F-DD43-4423-A5F7-9B33B297C838}.Release|Any CPU.ActiveCfg = Release|Any CPU
		{B19FF33F-DD43-4423-A5F7-9B33B297C838}.Release|Any CPU.Build.0 = Release|Any CPU
		{B4C3A2A1-1129-4028-A3A7-DF927C6B8457}.Debug|Any CPU.ActiveCfg = Debug|Any CPU
		{B4C3A2A1-1129-4028-A3A7-DF927C6B8457}.Debug|Any CPU.Build.0 = Debug|Any CPU
		{B4C3A2A1-1129-4028-A3A7-DF927C6B8457}.Release|Any CPU.ActiveCfg = Release|Any CPU
		{B4C3A2A1-1129-4028-A3A7-DF927C6B8457}.Release|Any CPU.Build.0 = Release|Any CPU
		{8E90ABC5-A0B3-499E-8EA0-8289BA84AF05}.Debug|Any CPU.ActiveCfg = Debug|Any CPU
		{8E90ABC5-A0B3-499E-8EA0-8289BA84AF05}.Debug|Any CPU.Build.0 = Debug|Any CPU
		{8E90ABC5-A0B3-499E-8EA0-8289BA84AF05}.Release|Any CPU.ActiveCfg = Release|Any CPU
		{8E90ABC5-A0B3-499E-8EA0-8289BA84AF05}.Release|Any CPU.Build.0 = Release|Any CPU
		{F8A8B634-CE79-4954-A45C-13CEF1B83802}.Debug|Any CPU.ActiveCfg = Debug|Any CPU
		{F8A8B634-CE79-4954-A45C-13CEF1B83802}.Debug|Any CPU.Build.0 = Debug|Any CPU
		{F8A8B634-CE79-4954-A45C-13CEF1B83802}.Release|Any CPU.ActiveCfg = Release|Any CPU
		{F8A8B634-CE79-4954-A45C-13CEF1B83802}.Release|Any CPU.Build.0 = Release|Any CPU
		{2120677D-CCA5-4EF6-B8AF-FAEC4C57FA4C}.Debug|Any CPU.ActiveCfg = Debug|Any CPU
		{2120677D-CCA5-4EF6-B8AF-FAEC4C57FA4C}.Debug|Any CPU.Build.0 = Debug|Any CPU
		{2120677D-CCA5-4EF6-B8AF-FAEC4C57FA4C}.Release|Any CPU.ActiveCfg = Release|Any CPU
		{2120677D-CCA5-4EF6-B8AF-FAEC4C57FA4C}.Release|Any CPU.Build.0 = Release|Any CPU
		{4B9EC99E-DE59-4731-81EF-8F78585530CE}.Debug|Any CPU.ActiveCfg = Debug|Any CPU
		{4B9EC99E-DE59-4731-81EF-8F78585530CE}.Debug|Any CPU.Build.0 = Debug|Any CPU
		{4B9EC99E-DE59-4731-81EF-8F78585530CE}.Release|Any CPU.ActiveCfg = Release|Any CPU
		{4B9EC99E-DE59-4731-81EF-8F78585530CE}.Release|Any CPU.Build.0 = Release|Any CPU
		{74031A78-07CF-4A1D-92AA-3BBEC557B6B4}.Debug|Any CPU.ActiveCfg = Debug|Any CPU
		{74031A78-07CF-4A1D-92AA-3BBEC557B6B4}.Debug|Any CPU.Build.0 = Debug|Any CPU
		{74031A78-07CF-4A1D-92AA-3BBEC557B6B4}.Release|Any CPU.ActiveCfg = Release|Any CPU
		{74031A78-07CF-4A1D-92AA-3BBEC557B6B4}.Release|Any CPU.Build.0 = Release|Any CPU
		{D30FCB04-DD71-4B0E-9646-207353CF6518}.Debug|Any CPU.ActiveCfg = Debug|Any CPU
		{D30FCB04-DD71-4B0E-9646-207353CF6518}.Debug|Any CPU.Build.0 = Debug|Any CPU
		{D30FCB04-DD71-4B0E-9646-207353CF6518}.Release|Any CPU.ActiveCfg = Release|Any CPU
		{D30FCB04-DD71-4B0E-9646-207353CF6518}.Release|Any CPU.Build.0 = Release|Any CPU
		{49DA1BCA-BD08-4977-B0FB-5020CD58FE6B}.Debug|Any CPU.ActiveCfg = Debug|Any CPU
		{49DA1BCA-BD08-4977-B0FB-5020CD58FE6B}.Debug|Any CPU.Build.0 = Debug|Any CPU
		{49DA1BCA-BD08-4977-B0FB-5020CD58FE6B}.Release|Any CPU.ActiveCfg = Release|Any CPU
		{49DA1BCA-BD08-4977-B0FB-5020CD58FE6B}.Release|Any CPU.Build.0 = Release|Any CPU
		{75CED917-9DC8-4896-B4E1-2E08F0E7DEBE}.Debug|Any CPU.ActiveCfg = Debug|Any CPU
		{75CED917-9DC8-4896-B4E1-2E08F0E7DEBE}.Debug|Any CPU.Build.0 = Debug|Any CPU
		{75CED917-9DC8-4896-B4E1-2E08F0E7DEBE}.Release|Any CPU.ActiveCfg = Release|Any CPU
		{75CED917-9DC8-4896-B4E1-2E08F0E7DEBE}.Release|Any CPU.Build.0 = Release|Any CPU
		{8F9A842F-1523-418B-AA0B-9DFC2B5AF6EB}.Debug|Any CPU.ActiveCfg = Debug|Any CPU
		{8F9A842F-1523-418B-AA0B-9DFC2B5AF6EB}.Debug|Any CPU.Build.0 = Debug|Any CPU
		{8F9A842F-1523-418B-AA0B-9DFC2B5AF6EB}.Release|Any CPU.ActiveCfg = Release|Any CPU
		{8F9A842F-1523-418B-AA0B-9DFC2B5AF6EB}.Release|Any CPU.Build.0 = Release|Any CPU
		{327B0E1C-188D-4FF7-B49D-4ED0804DA0F4}.Debug|Any CPU.ActiveCfg = Debug|Any CPU
		{327B0E1C-188D-4FF7-B49D-4ED0804DA0F4}.Debug|Any CPU.Build.0 = Debug|Any CPU
		{327B0E1C-188D-4FF7-B49D-4ED0804DA0F4}.Release|Any CPU.ActiveCfg = Release|Any CPU
		{327B0E1C-188D-4FF7-B49D-4ED0804DA0F4}.Release|Any CPU.Build.0 = Release|Any CPU
		{FC89AD92-8DE9-4181-9D1A-CFE76817001D}.Debug|Any CPU.ActiveCfg = Debug|Any CPU
		{FC89AD92-8DE9-4181-9D1A-CFE76817001D}.Debug|Any CPU.Build.0 = Debug|Any CPU
		{FC89AD92-8DE9-4181-9D1A-CFE76817001D}.Release|Any CPU.ActiveCfg = Release|Any CPU
		{FC89AD92-8DE9-4181-9D1A-CFE76817001D}.Release|Any CPU.Build.0 = Release|Any CPU
		{95CD4FE1-F277-4C47-B3E3-0ED6123F10F0}.Debug|Any CPU.ActiveCfg = Debug|Any CPU
		{95CD4FE1-F277-4C47-B3E3-0ED6123F10F0}.Debug|Any CPU.Build.0 = Debug|Any CPU
		{95CD4FE1-F277-4C47-B3E3-0ED6123F10F0}.Release|Any CPU.ActiveCfg = Release|Any CPU
		{95CD4FE1-F277-4C47-B3E3-0ED6123F10F0}.Release|Any CPU.Build.0 = Release|Any CPU
		{A246C043-D063-401F-8B4A-648EC23C53FA}.Debug|Any CPU.ActiveCfg = Debug|Any CPU
		{A246C043-D063-401F-8B4A-648EC23C53FA}.Debug|Any CPU.Build.0 = Debug|Any CPU
		{A246C043-D063-401F-8B4A-648EC23C53FA}.Release|Any CPU.ActiveCfg = Release|Any CPU
		{A246C043-D063-401F-8B4A-648EC23C53FA}.Release|Any CPU.Build.0 = Release|Any CPU
		{C5C314DC-58E9-4EE8-A065-2B56F90E9D72}.Debug|Any CPU.ActiveCfg = Debug|Any CPU
		{C5C314DC-58E9-4EE8-A065-2B56F90E9D72}.Debug|Any CPU.Build.0 = Debug|Any CPU
		{C5C314DC-58E9-4EE8-A065-2B56F90E9D72}.Release|Any CPU.ActiveCfg = Release|Any CPU
		{C5C314DC-58E9-4EE8-A065-2B56F90E9D72}.Release|Any CPU.Build.0 = Release|Any CPU
		{4E5AED11-5B67-4C7F-8FDB-C5AE6DA0D64A}.Debug|Any CPU.ActiveCfg = Debug|Any CPU
		{4E5AED11-5B67-4C7F-8FDB-C5AE6DA0D64A}.Debug|Any CPU.Build.0 = Debug|Any CPU
		{4E5AED11-5B67-4C7F-8FDB-C5AE6DA0D64A}.Release|Any CPU.ActiveCfg = Release|Any CPU
		{4E5AED11-5B67-4C7F-8FDB-C5AE6DA0D64A}.Release|Any CPU.Build.0 = Release|Any CPU
		{85135E84-B074-430F-8A20-02ABC9EEB2C4}.Debug|Any CPU.ActiveCfg = Debug|Any CPU
		{85135E84-B074-430F-8A20-02ABC9EEB2C4}.Debug|Any CPU.Build.0 = Debug|Any CPU
		{85135E84-B074-430F-8A20-02ABC9EEB2C4}.Release|Any CPU.ActiveCfg = Release|Any CPU
		{85135E84-B074-430F-8A20-02ABC9EEB2C4}.Release|Any CPU.Build.0 = Release|Any CPU
		{46D4EB64-61C6-47BC-B3F8-D9596743B969}.Debug|Any CPU.ActiveCfg = Debug|Any CPU
		{46D4EB64-61C6-47BC-B3F8-D9596743B969}.Debug|Any CPU.Build.0 = Debug|Any CPU
		{46D4EB64-61C6-47BC-B3F8-D9596743B969}.Release|Any CPU.ActiveCfg = Release|Any CPU
		{46D4EB64-61C6-47BC-B3F8-D9596743B969}.Release|Any CPU.Build.0 = Release|Any CPU
		{38918BEA-BF2A-4B27-8E30-7126AB0A6E7F}.Debug|Any CPU.ActiveCfg = Debug|Any CPU
		{38918BEA-BF2A-4B27-8E30-7126AB0A6E7F}.Debug|Any CPU.Build.0 = Debug|Any CPU
		{38918BEA-BF2A-4B27-8E30-7126AB0A6E7F}.Release|Any CPU.ActiveCfg = Release|Any CPU
		{38918BEA-BF2A-4B27-8E30-7126AB0A6E7F}.Release|Any CPU.Build.0 = Release|Any CPU
		{31810B0D-9CFD-42B5-B6A5-A3DAC5B80B53}.Debug|Any CPU.ActiveCfg = Debug|Any CPU
		{31810B0D-9CFD-42B5-B6A5-A3DAC5B80B53}.Debug|Any CPU.Build.0 = Debug|Any CPU
		{31810B0D-9CFD-42B5-B6A5-A3DAC5B80B53}.Release|Any CPU.ActiveCfg = Release|Any CPU
		{31810B0D-9CFD-42B5-B6A5-A3DAC5B80B53}.Release|Any CPU.Build.0 = Release|Any CPU
		{455CFEA1-05C2-4480-94D8-719254B79D77}.Debug|Any CPU.ActiveCfg = Debug|Any CPU
		{455CFEA1-05C2-4480-94D8-719254B79D77}.Debug|Any CPU.Build.0 = Debug|Any CPU
		{455CFEA1-05C2-4480-94D8-719254B79D77}.Release|Any CPU.ActiveCfg = Release|Any CPU
		{455CFEA1-05C2-4480-94D8-719254B79D77}.Release|Any CPU.Build.0 = Release|Any CPU
		{B9BEBA29-1A90-4C46-94CC-B8D90DBB14FA}.Debug|Any CPU.ActiveCfg = Debug|Any CPU
		{B9BEBA29-1A90-4C46-94CC-B8D90DBB14FA}.Debug|Any CPU.Build.0 = Debug|Any CPU
		{B9BEBA29-1A90-4C46-94CC-B8D90DBB14FA}.Release|Any CPU.ActiveCfg = Release|Any CPU
		{B9BEBA29-1A90-4C46-94CC-B8D90DBB14FA}.Release|Any CPU.Build.0 = Release|Any CPU
		{9062E57C-F659-4DE0-A25D-7C5CEE072969}.Debug|Any CPU.ActiveCfg = Debug|Any CPU
		{9062E57C-F659-4DE0-A25D-7C5CEE072969}.Debug|Any CPU.Build.0 = Debug|Any CPU
		{9062E57C-F659-4DE0-A25D-7C5CEE072969}.Release|Any CPU.ActiveCfg = Release|Any CPU
		{9062E57C-F659-4DE0-A25D-7C5CEE072969}.Release|Any CPU.Build.0 = Release|Any CPU
		{506C33A4-3585-4AF1-8A3D-0B309EFE8EFD}.Debug|Any CPU.ActiveCfg = Debug|Any CPU
		{506C33A4-3585-4AF1-8A3D-0B309EFE8EFD}.Debug|Any CPU.Build.0 = Debug|Any CPU
		{506C33A4-3585-4AF1-8A3D-0B309EFE8EFD}.Release|Any CPU.ActiveCfg = Release|Any CPU
		{506C33A4-3585-4AF1-8A3D-0B309EFE8EFD}.Release|Any CPU.Build.0 = Release|Any CPU
		{22CDFBB1-2868-4838-968C-2BD1599FD7BA}.Debug|Any CPU.ActiveCfg = Debug|Any CPU
		{22CDFBB1-2868-4838-968C-2BD1599FD7BA}.Debug|Any CPU.Build.0 = Debug|Any CPU
		{22CDFBB1-2868-4838-968C-2BD1599FD7BA}.Release|Any CPU.ActiveCfg = Release|Any CPU
		{22CDFBB1-2868-4838-968C-2BD1599FD7BA}.Release|Any CPU.Build.0 = Release|Any CPU
		{DD8C6922-92C3-445C-BC54-87F0D06748DA}.Debug|Any CPU.ActiveCfg = Debug|Any CPU
		{DD8C6922-92C3-445C-BC54-87F0D06748DA}.Debug|Any CPU.Build.0 = Debug|Any CPU
		{DD8C6922-92C3-445C-BC54-87F0D06748DA}.Release|Any CPU.ActiveCfg = Release|Any CPU
		{DD8C6922-92C3-445C-BC54-87F0D06748DA}.Release|Any CPU.Build.0 = Release|Any CPU
		{8A1EA518-79F2-4774-B54E-4F457F63DB05}.Debug|Any CPU.ActiveCfg = Debug|Any CPU
		{8A1EA518-79F2-4774-B54E-4F457F63DB05}.Debug|Any CPU.Build.0 = Debug|Any CPU
		{8A1EA518-79F2-4774-B54E-4F457F63DB05}.Release|Any CPU.ActiveCfg = Release|Any CPU
		{8A1EA518-79F2-4774-B54E-4F457F63DB05}.Release|Any CPU.Build.0 = Release|Any CPU
		{60D60847-C22E-4D9E-ADD7-2B477BEA8770}.Debug|Any CPU.ActiveCfg = Debug|Any CPU
		{60D60847-C22E-4D9E-ADD7-2B477BEA8770}.Debug|Any CPU.Build.0 = Debug|Any CPU
		{60D60847-C22E-4D9E-ADD7-2B477BEA8770}.Release|Any CPU.ActiveCfg = Release|Any CPU
		{60D60847-C22E-4D9E-ADD7-2B477BEA8770}.Release|Any CPU.Build.0 = Release|Any CPU
		{AD2FCEC5-8060-4778-8B7F-BFD188F739D5}.Debug|Any CPU.ActiveCfg = Debug|Any CPU
		{AD2FCEC5-8060-4778-8B7F-BFD188F739D5}.Debug|Any CPU.Build.0 = Debug|Any CPU
		{AD2FCEC5-8060-4778-8B7F-BFD188F739D5}.Release|Any CPU.ActiveCfg = Release|Any CPU
		{AD2FCEC5-8060-4778-8B7F-BFD188F739D5}.Release|Any CPU.Build.0 = Release|Any CPU
		{AEF9E908-EBC2-43C8-BBB8-6150BA876E0C}.Debug|Any CPU.ActiveCfg = Debug|Any CPU
		{AEF9E908-EBC2-43C8-BBB8-6150BA876E0C}.Debug|Any CPU.Build.0 = Debug|Any CPU
		{AEF9E908-EBC2-43C8-BBB8-6150BA876E0C}.Release|Any CPU.ActiveCfg = Release|Any CPU
		{AEF9E908-EBC2-43C8-BBB8-6150BA876E0C}.Release|Any CPU.Build.0 = Release|Any CPU
		{BF378445-7CA4-4B9C-A909-2D7B33C7AF5E}.Debug|Any CPU.ActiveCfg = Debug|Any CPU
		{BF378445-7CA4-4B9C-A909-2D7B33C7AF5E}.Debug|Any CPU.Build.0 = Debug|Any CPU
		{BF378445-7CA4-4B9C-A909-2D7B33C7AF5E}.Release|Any CPU.ActiveCfg = Release|Any CPU
		{BF378445-7CA4-4B9C-A909-2D7B33C7AF5E}.Release|Any CPU.Build.0 = Release|Any CPU
		{8D59508E-8698-4852-9E15-C399344F4ADA}.Debug|Any CPU.ActiveCfg = Debug|Any CPU
		{8D59508E-8698-4852-9E15-C399344F4ADA}.Debug|Any CPU.Build.0 = Debug|Any CPU
		{8D59508E-8698-4852-9E15-C399344F4ADA}.Release|Any CPU.ActiveCfg = Release|Any CPU
		{8D59508E-8698-4852-9E15-C399344F4ADA}.Release|Any CPU.Build.0 = Release|Any CPU
		{1D5E5B7E-9935-4944-B658-65314A8A71A4}.Debug|Any CPU.ActiveCfg = Debug|Any CPU
		{1D5E5B7E-9935-4944-B658-65314A8A71A4}.Debug|Any CPU.Build.0 = Debug|Any CPU
		{1D5E5B7E-9935-4944-B658-65314A8A71A4}.Release|Any CPU.ActiveCfg = Release|Any CPU
		{1D5E5B7E-9935-4944-B658-65314A8A71A4}.Release|Any CPU.Build.0 = Release|Any CPU
		{C0BC654C-3936-4D42-AE11-9A78484C4D2F}.Debug|Any CPU.ActiveCfg = Debug|Any CPU
		{C0BC654C-3936-4D42-AE11-9A78484C4D2F}.Debug|Any CPU.Build.0 = Debug|Any CPU
		{C0BC654C-3936-4D42-AE11-9A78484C4D2F}.Release|Any CPU.ActiveCfg = Release|Any CPU
		{C0BC654C-3936-4D42-AE11-9A78484C4D2F}.Release|Any CPU.Build.0 = Release|Any CPU
		{6E5BC7E8-CC93-44CD-9FC8-A88572165725}.Debug|Any CPU.ActiveCfg = Debug|Any CPU
		{6E5BC7E8-CC93-44CD-9FC8-A88572165725}.Debug|Any CPU.Build.0 = Debug|Any CPU
		{6E5BC7E8-CC93-44CD-9FC8-A88572165725}.Release|Any CPU.ActiveCfg = Release|Any CPU
		{6E5BC7E8-CC93-44CD-9FC8-A88572165725}.Release|Any CPU.Build.0 = Release|Any CPU
		{BE0C3703-FE7B-4523-8283-06CDAE0658C8}.Debug|Any CPU.ActiveCfg = Debug|Any CPU
		{BE0C3703-FE7B-4523-8283-06CDAE0658C8}.Debug|Any CPU.Build.0 = Debug|Any CPU
		{BE0C3703-FE7B-4523-8283-06CDAE0658C8}.Release|Any CPU.ActiveCfg = Release|Any CPU
		{BE0C3703-FE7B-4523-8283-06CDAE0658C8}.Release|Any CPU.Build.0 = Release|Any CPU
		{86FD922B-9CAF-4ED2-8C93-DF2D51074220}.Debug|Any CPU.ActiveCfg = Debug|Any CPU
		{86FD922B-9CAF-4ED2-8C93-DF2D51074220}.Debug|Any CPU.Build.0 = Debug|Any CPU
		{86FD922B-9CAF-4ED2-8C93-DF2D51074220}.Release|Any CPU.ActiveCfg = Release|Any CPU
		{86FD922B-9CAF-4ED2-8C93-DF2D51074220}.Release|Any CPU.Build.0 = Release|Any CPU
		{5E721658-7E7B-48AB-91FA-26B81048D737}.Debug|Any CPU.ActiveCfg = Debug|Any CPU
		{5E721658-7E7B-48AB-91FA-26B81048D737}.Debug|Any CPU.Build.0 = Debug|Any CPU
		{5E721658-7E7B-48AB-91FA-26B81048D737}.Release|Any CPU.ActiveCfg = Release|Any CPU
		{5E721658-7E7B-48AB-91FA-26B81048D737}.Release|Any CPU.Build.0 = Release|Any CPU
		{54D85407-77EC-462D-B739-DBEFCAE194F9}.Debug|Any CPU.ActiveCfg = Debug|Any CPU
		{54D85407-77EC-462D-B739-DBEFCAE194F9}.Debug|Any CPU.Build.0 = Debug|Any CPU
		{54D85407-77EC-462D-B739-DBEFCAE194F9}.Release|Any CPU.ActiveCfg = Release|Any CPU
		{54D85407-77EC-462D-B739-DBEFCAE194F9}.Release|Any CPU.Build.0 = Release|Any CPU
		{6F08A2A8-21DA-4EC5-81F8-20E84F358852}.Debug|Any CPU.ActiveCfg = Debug|Any CPU
		{6F08A2A8-21DA-4EC5-81F8-20E84F358852}.Debug|Any CPU.Build.0 = Debug|Any CPU
		{6F08A2A8-21DA-4EC5-81F8-20E84F358852}.Release|Any CPU.ActiveCfg = Release|Any CPU
		{6F08A2A8-21DA-4EC5-81F8-20E84F358852}.Release|Any CPU.Build.0 = Release|Any CPU
		{5272FEAD-2181-4F9E-99EC-9A0880C23271}.Debug|Any CPU.ActiveCfg = Debug|Any CPU
		{5272FEAD-2181-4F9E-99EC-9A0880C23271}.Debug|Any CPU.Build.0 = Debug|Any CPU
		{5272FEAD-2181-4F9E-99EC-9A0880C23271}.Release|Any CPU.ActiveCfg = Release|Any CPU
		{5272FEAD-2181-4F9E-99EC-9A0880C23271}.Release|Any CPU.Build.0 = Release|Any CPU
		{B0F4CAFA-7FBB-4FCA-A911-CDC696FC8F70}.Debug|Any CPU.ActiveCfg = Debug|Any CPU
		{B0F4CAFA-7FBB-4FCA-A911-CDC696FC8F70}.Debug|Any CPU.Build.0 = Debug|Any CPU
		{B0F4CAFA-7FBB-4FCA-A911-CDC696FC8F70}.Release|Any CPU.ActiveCfg = Release|Any CPU
		{B0F4CAFA-7FBB-4FCA-A911-CDC696FC8F70}.Release|Any CPU.Build.0 = Release|Any CPU
		{C25F2B69-EF33-402B-8F26-5343559EAE5D}.Debug|Any CPU.ActiveCfg = Debug|Any CPU
		{C25F2B69-EF33-402B-8F26-5343559EAE5D}.Debug|Any CPU.Build.0 = Debug|Any CPU
		{C25F2B69-EF33-402B-8F26-5343559EAE5D}.Release|Any CPU.ActiveCfg = Release|Any CPU
		{C25F2B69-EF33-402B-8F26-5343559EAE5D}.Release|Any CPU.Build.0 = Release|Any CPU
		{72D4FC55-2BD5-46AE-A2B5-DB9C76578DC0}.Debug|Any CPU.ActiveCfg = Debug|Any CPU
		{72D4FC55-2BD5-46AE-A2B5-DB9C76578DC0}.Debug|Any CPU.Build.0 = Debug|Any CPU
		{72D4FC55-2BD5-46AE-A2B5-DB9C76578DC0}.Release|Any CPU.ActiveCfg = Release|Any CPU
		{72D4FC55-2BD5-46AE-A2B5-DB9C76578DC0}.Release|Any CPU.Build.0 = Release|Any CPU
		{3CFD3B58-F66E-43F3-8575-6CF2AA419A3C}.Debug|Any CPU.ActiveCfg = Debug|Any CPU
		{3CFD3B58-F66E-43F3-8575-6CF2AA419A3C}.Debug|Any CPU.Build.0 = Debug|Any CPU
		{3CFD3B58-F66E-43F3-8575-6CF2AA419A3C}.Release|Any CPU.ActiveCfg = Release|Any CPU
		{3CFD3B58-F66E-43F3-8575-6CF2AA419A3C}.Release|Any CPU.Build.0 = Release|Any CPU
		{D0072581-54A4-45D3-B5EC-4885B57E3B63}.Debug|Any CPU.ActiveCfg = Debug|Any CPU
		{D0072581-54A4-45D3-B5EC-4885B57E3B63}.Debug|Any CPU.Build.0 = Debug|Any CPU
		{D0072581-54A4-45D3-B5EC-4885B57E3B63}.Release|Any CPU.ActiveCfg = Release|Any CPU
		{D0072581-54A4-45D3-B5EC-4885B57E3B63}.Release|Any CPU.Build.0 = Release|Any CPU
		{59188597-E330-43A1-BADF-ADA282715317}.Debug|Any CPU.ActiveCfg = Debug|Any CPU
		{59188597-E330-43A1-BADF-ADA282715317}.Debug|Any CPU.Build.0 = Debug|Any CPU
		{59188597-E330-43A1-BADF-ADA282715317}.Release|Any CPU.ActiveCfg = Release|Any CPU
		{59188597-E330-43A1-BADF-ADA282715317}.Release|Any CPU.Build.0 = Release|Any CPU
		{CC314431-01BB-4C6E-83E6-3FCC1C139B4A}.Debug|Any CPU.ActiveCfg = Debug|Any CPU
		{CC314431-01BB-4C6E-83E6-3FCC1C139B4A}.Debug|Any CPU.Build.0 = Debug|Any CPU
		{CC314431-01BB-4C6E-83E6-3FCC1C139B4A}.Release|Any CPU.ActiveCfg = Release|Any CPU
		{CC314431-01BB-4C6E-83E6-3FCC1C139B4A}.Release|Any CPU.Build.0 = Release|Any CPU
		{17E34F69-A01F-4936-939B-21FC9CD3ED94}.Debug|Any CPU.ActiveCfg = Debug|Any CPU
		{17E34F69-A01F-4936-939B-21FC9CD3ED94}.Debug|Any CPU.Build.0 = Debug|Any CPU
		{17E34F69-A01F-4936-939B-21FC9CD3ED94}.Release|Any CPU.ActiveCfg = Release|Any CPU
		{17E34F69-A01F-4936-939B-21FC9CD3ED94}.Release|Any CPU.Build.0 = Release|Any CPU
		{9A1400D5-44F5-4CC9-9EEB-36945D5D17A2}.Debug|Any CPU.ActiveCfg = Debug|Any CPU
		{9A1400D5-44F5-4CC9-9EEB-36945D5D17A2}.Debug|Any CPU.Build.0 = Debug|Any CPU
		{9A1400D5-44F5-4CC9-9EEB-36945D5D17A2}.Release|Any CPU.ActiveCfg = Release|Any CPU
		{9A1400D5-44F5-4CC9-9EEB-36945D5D17A2}.Release|Any CPU.Build.0 = Release|Any CPU
		{F9EC7FDB-551C-4411-A2F0-B32F3A682D53}.Debug|Any CPU.ActiveCfg = Debug|Any CPU
		{F9EC7FDB-551C-4411-A2F0-B32F3A682D53}.Debug|Any CPU.Build.0 = Debug|Any CPU
		{F9EC7FDB-551C-4411-A2F0-B32F3A682D53}.Release|Any CPU.ActiveCfg = Release|Any CPU
		{F9EC7FDB-551C-4411-A2F0-B32F3A682D53}.Release|Any CPU.Build.0 = Release|Any CPU
		{8FA90FC6-30C4-42E6-968E-73FAD101AE42}.Debug|Any CPU.ActiveCfg = Debug|Any CPU
		{8FA90FC6-30C4-42E6-968E-73FAD101AE42}.Debug|Any CPU.Build.0 = Debug|Any CPU
		{8FA90FC6-30C4-42E6-968E-73FAD101AE42}.Release|Any CPU.ActiveCfg = Release|Any CPU
		{8FA90FC6-30C4-42E6-968E-73FAD101AE42}.Release|Any CPU.Build.0 = Release|Any CPU
		{32987F33-428A-4781-9CCE-CB64506015DB}.Debug|Any CPU.ActiveCfg = Debug|Any CPU
		{32987F33-428A-4781-9CCE-CB64506015DB}.Debug|Any CPU.Build.0 = Debug|Any CPU
		{32987F33-428A-4781-9CCE-CB64506015DB}.Release|Any CPU.ActiveCfg = Release|Any CPU
		{32987F33-428A-4781-9CCE-CB64506015DB}.Release|Any CPU.Build.0 = Release|Any CPU
		{0306ABB2-581A-4136-9062-36D03DED99B8}.Debug|Any CPU.ActiveCfg = Debug|Any CPU
		{0306ABB2-581A-4136-9062-36D03DED99B8}.Debug|Any CPU.Build.0 = Debug|Any CPU
		{0306ABB2-581A-4136-9062-36D03DED99B8}.Release|Any CPU.ActiveCfg = Release|Any CPU
		{0306ABB2-581A-4136-9062-36D03DED99B8}.Release|Any CPU.Build.0 = Release|Any CPU
		{CC162F1D-0B61-4602-A77D-44FD79BC600C}.Debug|Any CPU.ActiveCfg = Debug|Any CPU
		{CC162F1D-0B61-4602-A77D-44FD79BC600C}.Debug|Any CPU.Build.0 = Debug|Any CPU
		{CC162F1D-0B61-4602-A77D-44FD79BC600C}.Release|Any CPU.ActiveCfg = Release|Any CPU
		{CC162F1D-0B61-4602-A77D-44FD79BC600C}.Release|Any CPU.Build.0 = Release|Any CPU
		{54D8011E-EBDC-45DA-8561-5CA13AB18EE5}.Debug|Any CPU.ActiveCfg = Debug|Any CPU
		{54D8011E-EBDC-45DA-8561-5CA13AB18EE5}.Debug|Any CPU.Build.0 = Debug|Any CPU
		{54D8011E-EBDC-45DA-8561-5CA13AB18EE5}.Release|Any CPU.ActiveCfg = Release|Any CPU
		{54D8011E-EBDC-45DA-8561-5CA13AB18EE5}.Release|Any CPU.Build.0 = Release|Any CPU
	EndGlobalSection
	GlobalSection(SolutionProperties) = preSolution
		HideSolutionNode = FALSE
	EndGlobalSection
	GlobalSection(ExtensibilityGlobals) = postSolution
		SolutionGuid = {3D852CEF-EF42-45EA-B8FA-D7962A45E40C}
	EndGlobalSection
EndGlobal
