
Microsoft Visual Studio Solution File, Format Version 12.00
# Visual Studio Version 16
VisualStudioVersion = 16.0.30406.217
MinimumVisualStudioVersion = 10.0.40219.1
Project("{9A19103F-16F7-4668-BE54-9A1E7A4F7556}") = "_CSHARP_CLASSES_EXERCISES_01", "_CSHARP_CLASSES_EXERCISES_01\_CSHARP_CLASSES_EXERCISES_01.csproj", "{ABA1693D-CA9B-43AB-B4B2-B2502D10C727}"
EndProject
Project("{FAE04EC0-301F-11D3-BF4B-00C04F79EFBC}") = "_CSHARP_CLASSES_EXERCISES_02", "_CSHARP_CLASSES_EXERCISES_02\_CSHARP_CLASSES_EXERCISES_02.csproj", "{15E6E72B-0CAB-490C-9392-38AAB1ABAECF}"
EndProject
Global
	GlobalSection(SolutionConfigurationPlatforms) = preSolution
		Debug|Any CPU = Debug|Any CPU
		Release|Any CPU = Release|Any CPU
	EndGlobalSection
	GlobalSection(ProjectConfigurationPlatforms) = postSolution
		{ABA1693D-CA9B-43AB-B4B2-B2502D10C727}.Debug|Any CPU.ActiveCfg = Debug|Any CPU
		{ABA1693D-CA9B-43AB-B4B2-B2502D10C727}.Debug|Any CPU.Build.0 = Debug|Any CPU
		{ABA1693D-CA9B-43AB-B4B2-B2502D10C727}.Release|Any CPU.ActiveCfg = Release|Any CPU
		{ABA1693D-CA9B-43AB-B4B2-B2502D10C727}.Release|Any CPU.Build.0 = Release|Any CPU
		{15E6E72B-0CAB-490C-9392-38AAB1ABAECF}.Debug|Any CPU.ActiveCfg = Debug|Any CPU
		{15E6E72B-0CAB-490C-9392-38AAB1ABAECF}.Debug|Any CPU.Build.0 = Debug|Any CPU
		{15E6E72B-0CAB-490C-9392-38AAB1ABAECF}.Release|Any CPU.ActiveCfg = Release|Any CPU
		{15E6E72B-0CAB-490C-9392-38AAB1ABAECF}.Release|Any CPU.Build.0 = Release|Any CPU
	EndGlobalSection
	GlobalSection(SolutionProperties) = preSolution
		HideSolutionNode = FALSE
	EndGlobalSection
	GlobalSection(ExtensibilityGlobals) = postSolution
		SolutionGuid = {40759471-4CD2-42EA-A35F-42BEC8A8111D}
	EndGlobalSection
EndGlobal
