
Microsoft Visual Studio Solution File, Format Version 12.00
# Visual Studio Version 16
VisualStudioVersion = 16.0.30204.135
MinimumVisualStudioVersion = 10.0.40219.1
Project("{FAE04EC0-301F-11D3-BF4B-00C04F79EFBC}") = "DI_EXERCISES", "DI_EXERCISES\DI_EXERCISES.csproj", "{A6EA9BFB-CFCA-404E-BF3B-EF4E6DC4C593}"
EndProject
Project("{FAE04EC0-301F-11D3-BF4B-00C04F79EFBC}") = "DI_01", "DI_01\DI_01.csproj", "{392AB48B-4FBD-4743-9EAC-B5535184A071}"
EndProject
Global
	GlobalSection(SolutionConfigurationPlatforms) = preSolution
		Debug|Any CPU = Debug|Any CPU
		Release|Any CPU = Release|Any CPU
	EndGlobalSection
	GlobalSection(ProjectConfigurationPlatforms) = postSolution
		{A6EA9BFB-CFCA-404E-BF3B-EF4E6DC4C593}.Debug|Any CPU.ActiveCfg = Debug|Any CPU
		{A6EA9BFB-CFCA-404E-BF3B-EF4E6DC4C593}.Debug|Any CPU.Build.0 = Debug|Any CPU
		{A6EA9BFB-CFCA-404E-BF3B-EF4E6DC4C593}.Release|Any CPU.ActiveCfg = Release|Any CPU
		{A6EA9BFB-CFCA-404E-BF3B-EF4E6DC4C593}.Release|Any CPU.Build.0 = Release|Any CPU
		{392AB48B-4FBD-4743-9EAC-B5535184A071}.Debug|Any CPU.ActiveCfg = Debug|Any CPU
		{392AB48B-4FBD-4743-9EAC-B5535184A071}.Debug|Any CPU.Build.0 = Debug|Any CPU
		{392AB48B-4FBD-4743-9EAC-B5535184A071}.Release|Any CPU.ActiveCfg = Release|Any CPU
		{392AB48B-4FBD-4743-9EAC-B5535184A071}.Release|Any CPU.Build.0 = Release|Any CPU
	EndGlobalSection
	GlobalSection(SolutionProperties) = preSolution
		HideSolutionNode = FALSE
	EndGlobalSection
	GlobalSection(ExtensibilityGlobals) = postSolution
		SolutionGuid = {A7893201-8152-46CA-BBD4-7FAB1FDF091C}
	EndGlobalSection
EndGlobal
