
Microsoft Visual Studio Solution File, Format Version 12.00
# Visual Studio Version 16
VisualStudioVersion = 16.0.29728.190
MinimumVisualStudioVersion = 10.0.40219.1
Project("{9A19103F-16F7-4668-BE54-9A1E7A4F7556}") = "LINQ1", "LINQ1\LINQ1.csproj", "{2A97D595-D0CE-4606-8A2C-7234A4706D42}"
EndProject
Project("{9A19103F-16F7-4668-BE54-9A1E7A4F7556}") = "LINQ2", "LINQ2\LINQ2.csproj", "{AD031CD9-9B11-4A44-BC38-8A9A38B10D6B}"
EndProject
Project("{9A19103F-16F7-4668-BE54-9A1E7A4F7556}") = "LINQ3", "LINQ3\LINQ3.csproj", "{280E2AC2-C8ED-4CC6-9A91-041813264107}"
EndProject
Project("{9A19103F-16F7-4668-BE54-9A1E7A4F7556}") = "LINQ4", "LINQ4\LINQ4.csproj", "{AA09D3FB-1B5E-41CB-A584-EE31DCCBBAA0}"
EndProject
Project("{9A19103F-16F7-4668-BE54-9A1E7A4F7556}") = "LINQ5", "LINQ5\LINQ5.csproj", "{E6759385-2E3F-457E-A31F-504CF83CB96C}"
EndProject
Project("{9A19103F-16F7-4668-BE54-9A1E7A4F7556}") = "LINQ6", "LINQ6\LINQ6.csproj", "{21CF12D7-EF1F-49CF-86E1-F418381FDE54}"
EndProject
Project("{9A19103F-16F7-4668-BE54-9A1E7A4F7556}") = "LINQ7", "LINQ7\LINQ7.csproj", "{38121E27-D2B9-4B1D-A6C2-90C12BF77426}"
EndProject
Project("{9A19103F-16F7-4668-BE54-9A1E7A4F7556}") = "LINQ8", "LINQ8\LINQ8.csproj", "{309ED3E4-1775-4E03-9F7E-C6CB1D9C0EDB}"
EndProject
Project("{FAE04EC0-301F-11D3-BF4B-00C04F79EFBC}") = "LINQ01", "LINQ01\LINQ01.csproj", "{4D5807CC-8C1A-42E9-82AB-E6EFAC12ED6C}"
EndProject
Project("{FAE04EC0-301F-11D3-BF4B-00C04F79EFBC}") = "LINQ02", "LINQ02\LINQ02.csproj", "{8E29788F-9C50-4449-B4AB-4B51671414A6}"
EndProject
Project("{FAE04EC0-301F-11D3-BF4B-00C04F79EFBC}") = "LINQ03", "LINQ03\LINQ03.csproj", "{A3610944-4C45-484D-BBC7-7B1BB25B423C}"
EndProject
Project("{FAE04EC0-301F-11D3-BF4B-00C04F79EFBC}") = "LINQ04", "LINQ04\LINQ04.csproj", "{95432E1F-16BC-4FE0-A079-33A8425CA845}"
EndProject
Project("{FAE04EC0-301F-11D3-BF4B-00C04F79EFBC}") = "LINQ05", "LINQ05\LINQ05.csproj", "{37C33BC6-F20A-429F-BCA5-B2A37C23D677}"
EndProject
Project("{FAE04EC0-301F-11D3-BF4B-00C04F79EFBC}") = "LINQ06", "LINQ06\LINQ06.csproj", "{DC60247E-5FFB-4A33-AFE4-F13E20FF1FD3}"
EndProject
Project("{FAE04EC0-301F-11D3-BF4B-00C04F79EFBC}") = "LINQ07", "LINQ07\LINQ07.csproj", "{475EEF19-2C56-49F2-B77D-8B9E2A957394}"
EndProject
Project("{FAE04EC0-301F-11D3-BF4B-00C04F79EFBC}") = "LINQ08", "LINQ08\LINQ08.csproj", "{AC69ED11-34C9-434F-98C6-07048D918734}"
EndProject
Project("{FAE04EC0-301F-11D3-BF4B-00C04F79EFBC}") = "LINQ09", "LINQ09\LINQ09.csproj", "{D5415B34-CDA3-487F-BF80-6BBD1B37798C}"
EndProject
Project("{FAE04EC0-301F-11D3-BF4B-00C04F79EFBC}") = "LINQ10", "LINQ10\LINQ10.csproj", "{7DEA9520-9E31-4121-A463-595A384D3E29}"
EndProject
Global
	GlobalSection(SolutionConfigurationPlatforms) = preSolution
		Debug|Any CPU = Debug|Any CPU
		Release|Any CPU = Release|Any CPU
	EndGlobalSection
	GlobalSection(ProjectConfigurationPlatforms) = postSolution
		{2A97D595-D0CE-4606-8A2C-7234A4706D42}.Debug|Any CPU.ActiveCfg = Debug|Any CPU
		{2A97D595-D0CE-4606-8A2C-7234A4706D42}.Debug|Any CPU.Build.0 = Debug|Any CPU
		{2A97D595-D0CE-4606-8A2C-7234A4706D42}.Release|Any CPU.ActiveCfg = Release|Any CPU
		{2A97D595-D0CE-4606-8A2C-7234A4706D42}.Release|Any CPU.Build.0 = Release|Any CPU
		{AD031CD9-9B11-4A44-BC38-8A9A38B10D6B}.Debug|Any CPU.ActiveCfg = Debug|Any CPU
		{AD031CD9-9B11-4A44-BC38-8A9A38B10D6B}.Debug|Any CPU.Build.0 = Debug|Any CPU
		{AD031CD9-9B11-4A44-BC38-8A9A38B10D6B}.Release|Any CPU.ActiveCfg = Release|Any CPU
		{AD031CD9-9B11-4A44-BC38-8A9A38B10D6B}.Release|Any CPU.Build.0 = Release|Any CPU
		{280E2AC2-C8ED-4CC6-9A91-041813264107}.Debug|Any CPU.ActiveCfg = Debug|Any CPU
		{280E2AC2-C8ED-4CC6-9A91-041813264107}.Debug|Any CPU.Build.0 = Debug|Any CPU
		{280E2AC2-C8ED-4CC6-9A91-041813264107}.Release|Any CPU.ActiveCfg = Release|Any CPU
		{280E2AC2-C8ED-4CC6-9A91-041813264107}.Release|Any CPU.Build.0 = Release|Any CPU
		{AA09D3FB-1B5E-41CB-A584-EE31DCCBBAA0}.Debug|Any CPU.ActiveCfg = Debug|Any CPU
		{AA09D3FB-1B5E-41CB-A584-EE31DCCBBAA0}.Debug|Any CPU.Build.0 = Debug|Any CPU
		{AA09D3FB-1B5E-41CB-A584-EE31DCCBBAA0}.Release|Any CPU.ActiveCfg = Release|Any CPU
		{AA09D3FB-1B5E-41CB-A584-EE31DCCBBAA0}.Release|Any CPU.Build.0 = Release|Any CPU
		{E6759385-2E3F-457E-A31F-504CF83CB96C}.Debug|Any CPU.ActiveCfg = Debug|Any CPU
		{E6759385-2E3F-457E-A31F-504CF83CB96C}.Debug|Any CPU.Build.0 = Debug|Any CPU
		{E6759385-2E3F-457E-A31F-504CF83CB96C}.Release|Any CPU.ActiveCfg = Release|Any CPU
		{E6759385-2E3F-457E-A31F-504CF83CB96C}.Release|Any CPU.Build.0 = Release|Any CPU
		{21CF12D7-EF1F-49CF-86E1-F418381FDE54}.Debug|Any CPU.ActiveCfg = Debug|Any CPU
		{21CF12D7-EF1F-49CF-86E1-F418381FDE54}.Debug|Any CPU.Build.0 = Debug|Any CPU
		{21CF12D7-EF1F-49CF-86E1-F418381FDE54}.Release|Any CPU.ActiveCfg = Release|Any CPU
		{21CF12D7-EF1F-49CF-86E1-F418381FDE54}.Release|Any CPU.Build.0 = Release|Any CPU
		{38121E27-D2B9-4B1D-A6C2-90C12BF77426}.Debug|Any CPU.ActiveCfg = Debug|Any CPU
		{38121E27-D2B9-4B1D-A6C2-90C12BF77426}.Debug|Any CPU.Build.0 = Debug|Any CPU
		{38121E27-D2B9-4B1D-A6C2-90C12BF77426}.Release|Any CPU.ActiveCfg = Release|Any CPU
		{38121E27-D2B9-4B1D-A6C2-90C12BF77426}.Release|Any CPU.Build.0 = Release|Any CPU
		{309ED3E4-1775-4E03-9F7E-C6CB1D9C0EDB}.Debug|Any CPU.ActiveCfg = Debug|Any CPU
		{309ED3E4-1775-4E03-9F7E-C6CB1D9C0EDB}.Debug|Any CPU.Build.0 = Debug|Any CPU
		{309ED3E4-1775-4E03-9F7E-C6CB1D9C0EDB}.Release|Any CPU.ActiveCfg = Release|Any CPU
		{309ED3E4-1775-4E03-9F7E-C6CB1D9C0EDB}.Release|Any CPU.Build.0 = Release|Any CPU
		{4D5807CC-8C1A-42E9-82AB-E6EFAC12ED6C}.Debug|Any CPU.ActiveCfg = Debug|Any CPU
		{4D5807CC-8C1A-42E9-82AB-E6EFAC12ED6C}.Debug|Any CPU.Build.0 = Debug|Any CPU
		{4D5807CC-8C1A-42E9-82AB-E6EFAC12ED6C}.Release|Any CPU.ActiveCfg = Release|Any CPU
		{4D5807CC-8C1A-42E9-82AB-E6EFAC12ED6C}.Release|Any CPU.Build.0 = Release|Any CPU
		{8E29788F-9C50-4449-B4AB-4B51671414A6}.Debug|Any CPU.ActiveCfg = Debug|Any CPU
		{8E29788F-9C50-4449-B4AB-4B51671414A6}.Debug|Any CPU.Build.0 = Debug|Any CPU
		{8E29788F-9C50-4449-B4AB-4B51671414A6}.Release|Any CPU.ActiveCfg = Release|Any CPU
		{8E29788F-9C50-4449-B4AB-4B51671414A6}.Release|Any CPU.Build.0 = Release|Any CPU
		{A3610944-4C45-484D-BBC7-7B1BB25B423C}.Debug|Any CPU.ActiveCfg = Debug|Any CPU
		{A3610944-4C45-484D-BBC7-7B1BB25B423C}.Debug|Any CPU.Build.0 = Debug|Any CPU
		{A3610944-4C45-484D-BBC7-7B1BB25B423C}.Release|Any CPU.ActiveCfg = Release|Any CPU
		{A3610944-4C45-484D-BBC7-7B1BB25B423C}.Release|Any CPU.Build.0 = Release|Any CPU
		{95432E1F-16BC-4FE0-A079-33A8425CA845}.Debug|Any CPU.ActiveCfg = Debug|Any CPU
		{95432E1F-16BC-4FE0-A079-33A8425CA845}.Debug|Any CPU.Build.0 = Debug|Any CPU
		{95432E1F-16BC-4FE0-A079-33A8425CA845}.Release|Any CPU.ActiveCfg = Release|Any CPU
		{95432E1F-16BC-4FE0-A079-33A8425CA845}.Release|Any CPU.Build.0 = Release|Any CPU
		{37C33BC6-F20A-429F-BCA5-B2A37C23D677}.Debug|Any CPU.ActiveCfg = Debug|Any CPU
		{37C33BC6-F20A-429F-BCA5-B2A37C23D677}.Debug|Any CPU.Build.0 = Debug|Any CPU
		{37C33BC6-F20A-429F-BCA5-B2A37C23D677}.Release|Any CPU.ActiveCfg = Release|Any CPU
		{37C33BC6-F20A-429F-BCA5-B2A37C23D677}.Release|Any CPU.Build.0 = Release|Any CPU
		{DC60247E-5FFB-4A33-AFE4-F13E20FF1FD3}.Debug|Any CPU.ActiveCfg = Debug|Any CPU
		{DC60247E-5FFB-4A33-AFE4-F13E20FF1FD3}.Debug|Any CPU.Build.0 = Debug|Any CPU
		{DC60247E-5FFB-4A33-AFE4-F13E20FF1FD3}.Release|Any CPU.ActiveCfg = Release|Any CPU
		{DC60247E-5FFB-4A33-AFE4-F13E20FF1FD3}.Release|Any CPU.Build.0 = Release|Any CPU
		{475EEF19-2C56-49F2-B77D-8B9E2A957394}.Debug|Any CPU.ActiveCfg = Debug|Any CPU
		{475EEF19-2C56-49F2-B77D-8B9E2A957394}.Debug|Any CPU.Build.0 = Debug|Any CPU
		{475EEF19-2C56-49F2-B77D-8B9E2A957394}.Release|Any CPU.ActiveCfg = Release|Any CPU
		{475EEF19-2C56-49F2-B77D-8B9E2A957394}.Release|Any CPU.Build.0 = Release|Any CPU
		{AC69ED11-34C9-434F-98C6-07048D918734}.Debug|Any CPU.ActiveCfg = Debug|Any CPU
		{AC69ED11-34C9-434F-98C6-07048D918734}.Debug|Any CPU.Build.0 = Debug|Any CPU
		{AC69ED11-34C9-434F-98C6-07048D918734}.Release|Any CPU.ActiveCfg = Release|Any CPU
		{AC69ED11-34C9-434F-98C6-07048D918734}.Release|Any CPU.Build.0 = Release|Any CPU
		{D5415B34-CDA3-487F-BF80-6BBD1B37798C}.Debug|Any CPU.ActiveCfg = Debug|Any CPU
		{D5415B34-CDA3-487F-BF80-6BBD1B37798C}.Debug|Any CPU.Build.0 = Debug|Any CPU
		{D5415B34-CDA3-487F-BF80-6BBD1B37798C}.Release|Any CPU.ActiveCfg = Release|Any CPU
		{D5415B34-CDA3-487F-BF80-6BBD1B37798C}.Release|Any CPU.Build.0 = Release|Any CPU
		{7DEA9520-9E31-4121-A463-595A384D3E29}.Debug|Any CPU.ActiveCfg = Debug|Any CPU
		{7DEA9520-9E31-4121-A463-595A384D3E29}.Debug|Any CPU.Build.0 = Debug|Any CPU
		{7DEA9520-9E31-4121-A463-595A384D3E29}.Release|Any CPU.ActiveCfg = Release|Any CPU
		{7DEA9520-9E31-4121-A463-595A384D3E29}.Release|Any CPU.Build.0 = Release|Any CPU
	EndGlobalSection
	GlobalSection(SolutionProperties) = preSolution
		HideSolutionNode = FALSE
	EndGlobalSection
	GlobalSection(ExtensibilityGlobals) = postSolution
		SolutionGuid = {1ED3855E-53E8-4080-B632-8F5BD9726F93}
	EndGlobalSection
EndGlobal
